// !$*UTF8*$!
{
	archiveVersion = 1;
	classes = {
	};
	objectVersion = 50;
	objects = {

/* Begin PBXBuildFile section */
		94FAF81772D1CAE3B67AB804 /* libPods-PManager.a in Frameworks */ = {isa = PBXBuildFile; fileRef = B36E19077092B58DDA0EAA30 /* libPods-PManager.a */; };
		EA4783C22447F33000D3E189 /* Assets.xcassets in Resources */ = {isa = PBXBuildFile; fileRef = EA4783C12447F33000D3E189 /* Assets.xcassets */; };
		EA780A342443EFD700219C38 /* AppDelegate.swift in Sources */ = {isa = PBXBuildFile; fileRef = EA780A332443EFD700219C38 /* AppDelegate.swift */; };
		EA780A382443EFD700219C38 /* ViewController.swift in Sources */ = {isa = PBXBuildFile; fileRef = EA780A372443EFD700219C38 /* ViewController.swift */; };
		EA780A3B2443EFD700219C38 /* Main.storyboard in Resources */ = {isa = PBXBuildFile; fileRef = EA780A392443EFD700219C38 /* Main.storyboard */; };
		EA780A402443EFD800219C38 /* LaunchScreen.storyboard in Resources */ = {isa = PBXBuildFile; fileRef = EA780A3E2443EFD800219C38 /* LaunchScreen.storyboard */; };
		EA780A4B2443EFD800219C38 /* PManagerTests.swift in Sources */ = {isa = PBXBuildFile; fileRef = EA780A4A2443EFD800219C38 /* PManagerTests.swift */; };
		EA780A562443EFD800219C38 /* PManagerUITests.swift in Sources */ = {isa = PBXBuildFile; fileRef = EA780A552443EFD800219C38 /* PManagerUITests.swift */; };
		EA7964D224466821000FBE64 /* Cartfile in Resources */ = {isa = PBXBuildFile; fileRef = EA7964B224466820000FBE64 /* Cartfile */; };
		EA7964D324466821000FBE64 /* git_push.sh in Resources */ = {isa = PBXBuildFile; fileRef = EA7964B324466820000FBE64 /* git_push.sh */; };
		EA7964D424466821000FBE64 /* SwaggerClient.podspec in Resources */ = {isa = PBXBuildFile; fileRef = EA7964B424466820000FBE64 /* SwaggerClient.podspec */; };
		EA7964D524466821000FBE64 /* APIHelper.swift in Sources */ = {isa = PBXBuildFile; fileRef = EA7964B824466821000FBE64 /* APIHelper.swift */; };
		EA7964D624466821000FBE64 /* AlamofireImplementations.swift in Sources */ = {isa = PBXBuildFile; fileRef = EA7964B924466821000FBE64 /* AlamofireImplementations.swift */; };
		EA7964D724466821000FBE64 /* JSONValue.swift in Sources */ = {isa = PBXBuildFile; fileRef = EA7964BA24466821000FBE64 /* JSONValue.swift */; };
		EA7964D824466821000FBE64 /* ClientsAPI.swift in Sources */ = {isa = PBXBuildFile; fileRef = EA7964BC24466821000FBE64 /* ClientsAPI.swift */; };
		EA7964D924466821000FBE64 /* CodableHelper.swift in Sources */ = {isa = PBXBuildFile; fileRef = EA7964BD24466821000FBE64 /* CodableHelper.swift */; };
		EA7964DA24466821000FBE64 /* JSONEncodableEncoding.swift in Sources */ = {isa = PBXBuildFile; fileRef = EA7964BE24466821000FBE64 /* JSONEncodableEncoding.swift */; };
		EA7964DB24466821000FBE64 /* APIs.swift in Sources */ = {isa = PBXBuildFile; fileRef = EA7964BF24466821000FBE64 /* APIs.swift */; };
		EA7964DC24466821000FBE64 /* SignUpBadSyntax.swift in Sources */ = {isa = PBXBuildFile; fileRef = EA7964C124466821000FBE64 /* SignUpBadSyntax.swift */; };
		EA7964DD24466821000FBE64 /* LoginRequest.swift in Sources */ = {isa = PBXBuildFile; fileRef = EA7964C224466821000FBE64 /* LoginRequest.swift */; };
		EA7964DE24466821000FBE64 /* ErrorSchema.swift in Sources */ = {isa = PBXBuildFile; fileRef = EA7964C324466821000FBE64 /* ErrorSchema.swift */; };
		EA7964DF24466821000FBE64 /* SignUpRequest.swift in Sources */ = {isa = PBXBuildFile; fileRef = EA7964C424466821000FBE64 /* SignUpRequest.swift */; };
		EA7964E024466821000FBE64 /* ResetRequest.swift in Sources */ = {isa = PBXBuildFile; fileRef = EA7964C524466821000FBE64 /* ResetRequest.swift */; };
		EA7964E124466821000FBE64 /* InlineResponse409.swift in Sources */ = {isa = PBXBuildFile; fileRef = EA7964C624466821000FBE64 /* InlineResponse409.swift */; };
		EA7964E224466821000FBE64 /* InlineResponse4001.swift in Sources */ = {isa = PBXBuildFile; fileRef = EA7964C724466821000FBE64 /* InlineResponse4001.swift */; };
		EA7964E324466821000FBE64 /* InlineResponse409Error.swift in Sources */ = {isa = PBXBuildFile; fileRef = EA7964C824466821000FBE64 /* InlineResponse409Error.swift */; };
		EA7964E424466821000FBE64 /* ConfirmRequest.swift in Sources */ = {isa = PBXBuildFile; fileRef = EA7964C924466821000FBE64 /* ConfirmRequest.swift */; };
		EA7964E524466821000FBE64 /* InlineResponse400.swift in Sources */ = {isa = PBXBuildFile; fileRef = EA7964CA24466821000FBE64 /* InlineResponse400.swift */; };
		EA7964E624466821000FBE64 /* InlineResponse400Error.swift in Sources */ = {isa = PBXBuildFile; fileRef = EA7964CB24466821000FBE64 /* InlineResponse400Error.swift */; };
		EA7964E724466821000FBE64 /* ChangePasswordRequest.swift in Sources */ = {isa = PBXBuildFile; fileRef = EA7964CC24466821000FBE64 /* ChangePasswordRequest.swift */; };
		EA7964E824466821000FBE64 /* InlineResponse4001Error.swift in Sources */ = {isa = PBXBuildFile; fileRef = EA7964CD24466821000FBE64 /* InlineResponse4001Error.swift */; };
		EA7964E924466821000FBE64 /* Extensions.swift in Sources */ = {isa = PBXBuildFile; fileRef = EA7964CE24466821000FBE64 /* Extensions.swift */; };
		EA7964EA24466821000FBE64 /* JSONEncodingHelper.swift in Sources */ = {isa = PBXBuildFile; fileRef = EA7964CF24466821000FBE64 /* JSONEncodingHelper.swift */; };
		EA7964EB24466821000FBE64 /* Models.swift in Sources */ = {isa = PBXBuildFile; fileRef = EA7964D024466821000FBE64 /* Models.swift */; };
		EA7964EC24466821000FBE64 /* Configuration.swift in Sources */ = {isa = PBXBuildFile; fileRef = EA7964D124466821000FBE64 /* Configuration.swift */; };
/* End PBXBuildFile section */

/* Begin PBXContainerItemProxy section */
		EA780A472443EFD800219C38 /* PBXContainerItemProxy */ = {
			isa = PBXContainerItemProxy;
			containerPortal = EA780A282443EFD700219C38 /* Project object */;
			proxyType = 1;
			remoteGlobalIDString = EA780A2F2443EFD700219C38;
			remoteInfo = PManager;
		};
		EA780A522443EFD800219C38 /* PBXContainerItemProxy */ = {
			isa = PBXContainerItemProxy;
			containerPortal = EA780A282443EFD700219C38 /* Project object */;
			proxyType = 1;
			remoteGlobalIDString = EA780A2F2443EFD700219C38;
			remoteInfo = PManager;
		};
/* End PBXContainerItemProxy section */

/* Begin PBXFileReference section */
		4EE22FE68DF6C95F38799F8C /* Pods-PManager.release.xcconfig */ = {isa = PBXFileReference; includeInIndex = 1; lastKnownFileType = text.xcconfig; name = "Pods-PManager.release.xcconfig"; path = "Target Support Files/Pods-PManager/Pods-PManager.release.xcconfig"; sourceTree = "<group>"; };
		B36E19077092B58DDA0EAA30 /* libPods-PManager.a */ = {isa = PBXFileReference; explicitFileType = archive.ar; includeInIndex = 0; path = "libPods-PManager.a"; sourceTree = BUILT_PRODUCTS_DIR; };
		EA4783C12447F33000D3E189 /* Assets.xcassets */ = {isa = PBXFileReference; lastKnownFileType = folder.assetcatalog; name = Assets.xcassets; path = "../../../Downloads/Login-Screen-UI-master/LoginExample/Assets.xcassets"; sourceTree = "<group>"; };
		EA780A302443EFD700219C38 /* PManager.app */ = {isa = PBXFileReference; explicitFileType = wrapper.application; includeInIndex = 0; path = PManager.app; sourceTree = BUILT_PRODUCTS_DIR; };
		EA780A332443EFD700219C38 /* AppDelegate.swift */ = {isa = PBXFileReference; lastKnownFileType = sourcecode.swift; path = AppDelegate.swift; sourceTree = "<group>"; };
		EA780A372443EFD700219C38 /* ViewController.swift */ = {isa = PBXFileReference; lastKnownFileType = sourcecode.swift; path = ViewController.swift; sourceTree = "<group>"; };
		EA780A3A2443EFD700219C38 /* Base */ = {isa = PBXFileReference; lastKnownFileType = file.storyboard; name = Base; path = Base.lproj/Main.storyboard; sourceTree = "<group>"; };
		EA780A3F2443EFD800219C38 /* Base */ = {isa = PBXFileReference; lastKnownFileType = file.storyboard; name = Base; path = Base.lproj/LaunchScreen.storyboard; sourceTree = "<group>"; };
		EA780A412443EFD800219C38 /* Info.plist */ = {isa = PBXFileReference; lastKnownFileType = text.plist.xml; path = Info.plist; sourceTree = "<group>"; };
		EA780A462443EFD800219C38 /* PManagerTests.xctest */ = {isa = PBXFileReference; explicitFileType = wrapper.cfbundle; includeInIndex = 0; path = PManagerTests.xctest; sourceTree = BUILT_PRODUCTS_DIR; };
		EA780A4A2443EFD800219C38 /* PManagerTests.swift */ = {isa = PBXFileReference; lastKnownFileType = sourcecode.swift; path = PManagerTests.swift; sourceTree = "<group>"; };
		EA780A4C2443EFD800219C38 /* Info.plist */ = {isa = PBXFileReference; lastKnownFileType = text.plist.xml; path = Info.plist; sourceTree = "<group>"; };
		EA780A512443EFD800219C38 /* PManagerUITests.xctest */ = {isa = PBXFileReference; explicitFileType = wrapper.cfbundle; includeInIndex = 0; path = PManagerUITests.xctest; sourceTree = BUILT_PRODUCTS_DIR; };
		EA780A552443EFD800219C38 /* PManagerUITests.swift */ = {isa = PBXFileReference; lastKnownFileType = sourcecode.swift; path = PManagerUITests.swift; sourceTree = "<group>"; };
		EA780A572443EFD800219C38 /* Info.plist */ = {isa = PBXFileReference; lastKnownFileType = text.plist.xml; path = Info.plist; sourceTree = "<group>"; };
		EA7964B224466820000FBE64 /* Cartfile */ = {isa = PBXFileReference; fileEncoding = 4; lastKnownFileType = text; path = Cartfile; sourceTree = "<group>"; };
		EA7964B324466820000FBE64 /* git_push.sh */ = {isa = PBXFileReference; fileEncoding = 4; lastKnownFileType = text.script.sh; name = git_push.sh; path = "../../../Downloads/swift5-client-generated (1)/git_push.sh"; sourceTree = "<group>"; };
		EA7964B424466820000FBE64 /* SwaggerClient.podspec */ = {isa = PBXFileReference; fileEncoding = 4; lastKnownFileType = text; path = SwaggerClient.podspec; sourceTree = "<group>"; };
		EA7964B824466821000FBE64 /* APIHelper.swift */ = {isa = PBXFileReference; fileEncoding = 4; lastKnownFileType = sourcecode.swift; path = APIHelper.swift; sourceTree = "<group>"; };
		EA7964B924466821000FBE64 /* AlamofireImplementations.swift */ = {isa = PBXFileReference; fileEncoding = 4; lastKnownFileType = sourcecode.swift; path = AlamofireImplementations.swift; sourceTree = "<group>"; };
		EA7964BA24466821000FBE64 /* JSONValue.swift */ = {isa = PBXFileReference; fileEncoding = 4; lastKnownFileType = sourcecode.swift; path = JSONValue.swift; sourceTree = "<group>"; };
		EA7964BC24466821000FBE64 /* ClientsAPI.swift */ = {isa = PBXFileReference; fileEncoding = 4; lastKnownFileType = sourcecode.swift; path = ClientsAPI.swift; sourceTree = "<group>"; };
		EA7964BD24466821000FBE64 /* CodableHelper.swift */ = {isa = PBXFileReference; fileEncoding = 4; lastKnownFileType = sourcecode.swift; path = CodableHelper.swift; sourceTree = "<group>"; };
		EA7964BE24466821000FBE64 /* JSONEncodableEncoding.swift */ = {isa = PBXFileReference; fileEncoding = 4; lastKnownFileType = sourcecode.swift; path = JSONEncodableEncoding.swift; sourceTree = "<group>"; };
		EA7964BF24466821000FBE64 /* APIs.swift */ = {isa = PBXFileReference; fileEncoding = 4; lastKnownFileType = sourcecode.swift; path = APIs.swift; sourceTree = "<group>"; };
		EA7964C124466821000FBE64 /* SignUpBadSyntax.swift */ = {isa = PBXFileReference; fileEncoding = 4; lastKnownFileType = sourcecode.swift; path = SignUpBadSyntax.swift; sourceTree = "<group>"; };
		EA7964C224466821000FBE64 /* LoginRequest.swift */ = {isa = PBXFileReference; fileEncoding = 4; lastKnownFileType = sourcecode.swift; path = LoginRequest.swift; sourceTree = "<group>"; };
		EA7964C324466821000FBE64 /* ErrorSchema.swift */ = {isa = PBXFileReference; fileEncoding = 4; lastKnownFileType = sourcecode.swift; path = ErrorSchema.swift; sourceTree = "<group>"; };
		EA7964C424466821000FBE64 /* SignUpRequest.swift */ = {isa = PBXFileReference; fileEncoding = 4; lastKnownFileType = sourcecode.swift; path = SignUpRequest.swift; sourceTree = "<group>"; };
		EA7964C524466821000FBE64 /* ResetRequest.swift */ = {isa = PBXFileReference; fileEncoding = 4; lastKnownFileType = sourcecode.swift; path = ResetRequest.swift; sourceTree = "<group>"; };
		EA7964C624466821000FBE64 /* InlineResponse409.swift */ = {isa = PBXFileReference; fileEncoding = 4; lastKnownFileType = sourcecode.swift; path = InlineResponse409.swift; sourceTree = "<group>"; };
		EA7964C724466821000FBE64 /* InlineResponse4001.swift */ = {isa = PBXFileReference; fileEncoding = 4; lastKnownFileType = sourcecode.swift; path = InlineResponse4001.swift; sourceTree = "<group>"; };
		EA7964C824466821000FBE64 /* InlineResponse409Error.swift */ = {isa = PBXFileReference; fileEncoding = 4; lastKnownFileType = sourcecode.swift; path = InlineResponse409Error.swift; sourceTree = "<group>"; };
		EA7964C924466821000FBE64 /* ConfirmRequest.swift */ = {isa = PBXFileReference; fileEncoding = 4; lastKnownFileType = sourcecode.swift; path = ConfirmRequest.swift; sourceTree = "<group>"; };
		EA7964CA24466821000FBE64 /* InlineResponse400.swift */ = {isa = PBXFileReference; fileEncoding = 4; lastKnownFileType = sourcecode.swift; path = InlineResponse400.swift; sourceTree = "<group>"; };
		EA7964CB24466821000FBE64 /* InlineResponse400Error.swift */ = {isa = PBXFileReference; fileEncoding = 4; lastKnownFileType = sourcecode.swift; path = InlineResponse400Error.swift; sourceTree = "<group>"; };
		EA7964CC24466821000FBE64 /* ChangePasswordRequest.swift */ = {isa = PBXFileReference; fileEncoding = 4; lastKnownFileType = sourcecode.swift; path = ChangePasswordRequest.swift; sourceTree = "<group>"; };
		EA7964CD24466821000FBE64 /* InlineResponse4001Error.swift */ = {isa = PBXFileReference; fileEncoding = 4; lastKnownFileType = sourcecode.swift; path = InlineResponse4001Error.swift; sourceTree = "<group>"; };
		EA7964CE24466821000FBE64 /* Extensions.swift */ = {isa = PBXFileReference; fileEncoding = 4; lastKnownFileType = sourcecode.swift; path = Extensions.swift; sourceTree = "<group>"; };
		EA7964CF24466821000FBE64 /* JSONEncodingHelper.swift */ = {isa = PBXFileReference; fileEncoding = 4; lastKnownFileType = sourcecode.swift; path = JSONEncodingHelper.swift; sourceTree = "<group>"; };
		EA7964D024466821000FBE64 /* Models.swift */ = {isa = PBXFileReference; fileEncoding = 4; lastKnownFileType = sourcecode.swift; path = Models.swift; sourceTree = "<group>"; };
		EA7964D124466821000FBE64 /* Configuration.swift */ = {isa = PBXFileReference; fileEncoding = 4; lastKnownFileType = sourcecode.swift; path = Configuration.swift; sourceTree = "<group>"; };
		EC2990AFD47F6D876247AD4C /* Pods-PManager.debug.xcconfig */ = {isa = PBXFileReference; includeInIndex = 1; lastKnownFileType = text.xcconfig; name = "Pods-PManager.debug.xcconfig"; path = "Target Support Files/Pods-PManager/Pods-PManager.debug.xcconfig"; sourceTree = "<group>"; };
/* End PBXFileReference section */

/* Begin PBXFrameworksBuildPhase section */
		EA780A2D2443EFD700219C38 /* Frameworks */ = {
			isa = PBXFrameworksBuildPhase;
			buildActionMask = 2147483647;
			files = (
				94FAF81772D1CAE3B67AB804 /* libPods-PManager.a in Frameworks */,
			);
			runOnlyForDeploymentPostprocessing = 0;
		};
		EA780A432443EFD800219C38 /* Frameworks */ = {
			isa = PBXFrameworksBuildPhase;
			buildActionMask = 2147483647;
			files = (
			);
			runOnlyForDeploymentPostprocessing = 0;
		};
		EA780A4E2443EFD800219C38 /* Frameworks */ = {
			isa = PBXFrameworksBuildPhase;
			buildActionMask = 2147483647;
			files = (
			);
			runOnlyForDeploymentPostprocessing = 0;
		};
/* End PBXFrameworksBuildPhase section */

/* Begin PBXGroup section */
		19B8C2CCCEAA2E25DC391ABE /* Pods */ = {
			isa = PBXGroup;
			children = (
				EC2990AFD47F6D876247AD4C /* Pods-PManager.debug.xcconfig */,
				4EE22FE68DF6C95F38799F8C /* Pods-PManager.release.xcconfig */,
			);
			path = Pods;
			sourceTree = "<group>";
		};
		47DA139ADF21FCCD70FE927B /* Frameworks */ = {
			isa = PBXGroup;
			children = (
				B36E19077092B58DDA0EAA30 /* libPods-PManager.a */,
			);
			name = Frameworks;
			sourceTree = "<group>";
		};
		EA780A272443EFD700219C38 = {
			isa = PBXGroup;
			children = (
				EA780A322443EFD700219C38 /* PManager */,
				EA780A492443EFD800219C38 /* PManagerTests */,
				EA780A542443EFD800219C38 /* PManagerUITests */,
				EA780A312443EFD700219C38 /* Products */,
				19B8C2CCCEAA2E25DC391ABE /* Pods */,
				47DA139ADF21FCCD70FE927B /* Frameworks */,
			);
			sourceTree = "<group>";
		};
		EA780A312443EFD700219C38 /* Products */ = {
			isa = PBXGroup;
			children = (
				EA780A302443EFD700219C38 /* PManager.app */,
				EA780A462443EFD800219C38 /* PManagerTests.xctest */,
				EA780A512443EFD800219C38 /* PManagerUITests.xctest */,
			);
			name = Products;
			sourceTree = "<group>";
		};
		EA780A322443EFD700219C38 /* PManager */ = {
			isa = PBXGroup;
			children = (
				EA4783C12447F33000D3E189 /* Assets.xcassets */,
				EA7964B224466820000FBE64 /* Cartfile */,
				EA7964B324466820000FBE64 /* git_push.sh */,
				EA7964ED244674C0000FBE64 /* SwaggerClient */,
				EA7964B424466820000FBE64 /* SwaggerClient.podspec */,
				EA780A332443EFD700219C38 /* AppDelegate.swift */,
				EA780A372443EFD700219C38 /* ViewController.swift */,
				EA780A392443EFD700219C38 /* Main.storyboard */,
				EA780A3E2443EFD800219C38 /* LaunchScreen.storyboard */,
				EA780A412443EFD800219C38 /* Info.plist */,
			);
			path = PManager;
			sourceTree = "<group>";
		};
		EA780A492443EFD800219C38 /* PManagerTests */ = {
			isa = PBXGroup;
			children = (
				EA780A4A2443EFD800219C38 /* PManagerTests.swift */,
				EA780A4C2443EFD800219C38 /* Info.plist */,
			);
			path = PManagerTests;
			sourceTree = "<group>";
		};
		EA780A542443EFD800219C38 /* PManagerUITests */ = {
			isa = PBXGroup;
			children = (
				EA780A552443EFD800219C38 /* PManagerUITests.swift */,
				EA780A572443EFD800219C38 /* Info.plist */,
			);
			path = PManagerUITests;
			sourceTree = "<group>";
		};
		EA7964B524466821000FBE64 /* SwaggerClient */ = {
			isa = PBXGroup;
			children = (
				EA7964B624466821000FBE64 /* Classes */,
			);
			path = SwaggerClient;
			sourceTree = "<group>";
		};
		EA7964B624466821000FBE64 /* Classes */ = {
			isa = PBXGroup;
			children = (
				EA7964B724466821000FBE64 /* Swaggers */,
			);
			path = Classes;
			sourceTree = "<group>";
		};
		EA7964B724466821000FBE64 /* Swaggers */ = {
			isa = PBXGroup;
			children = (
				EA7964B824466821000FBE64 /* APIHelper.swift */,
				EA7964B924466821000FBE64 /* AlamofireImplementations.swift */,
				EA7964BA24466821000FBE64 /* JSONValue.swift */,
				EA7964BB24466821000FBE64 /* APIs */,
				EA7964BD24466821000FBE64 /* CodableHelper.swift */,
				EA7964BE24466821000FBE64 /* JSONEncodableEncoding.swift */,
				EA7964BF24466821000FBE64 /* APIs.swift */,
				EA7964C024466821000FBE64 /* Models */,
				EA7964CE24466821000FBE64 /* Extensions.swift */,
				EA7964CF24466821000FBE64 /* JSONEncodingHelper.swift */,
				EA7964D024466821000FBE64 /* Models.swift */,
				EA7964D124466821000FBE64 /* Configuration.swift */,
			);
			path = Swaggers;
			sourceTree = "<group>";
		};
		EA7964BB24466821000FBE64 /* APIs */ = {
			isa = PBXGroup;
			children = (
				EA7964BC24466821000FBE64 /* ClientsAPI.swift */,
			);
			path = APIs;
			sourceTree = "<group>";
		};
		EA7964C024466821000FBE64 /* Models */ = {
			isa = PBXGroup;
			children = (
				EA7964C124466821000FBE64 /* SignUpBadSyntax.swift */,
				EA7964C224466821000FBE64 /* LoginRequest.swift */,
				EA7964C324466821000FBE64 /* ErrorSchema.swift */,
				EA7964C424466821000FBE64 /* SignUpRequest.swift */,
				EA7964C524466821000FBE64 /* ResetRequest.swift */,
				EA7964C624466821000FBE64 /* InlineResponse409.swift */,
				EA7964C724466821000FBE64 /* InlineResponse4001.swift */,
				EA7964C824466821000FBE64 /* InlineResponse409Error.swift */,
				EA7964C924466821000FBE64 /* ConfirmRequest.swift */,
				EA7964CA24466821000FBE64 /* InlineResponse400.swift */,
				EA7964CB24466821000FBE64 /* InlineResponse400Error.swift */,
				EA7964CC24466821000FBE64 /* ChangePasswordRequest.swift */,
				EA7964CD24466821000FBE64 /* InlineResponse4001Error.swift */,
			);
			path = Models;
			sourceTree = "<group>";
		};
		EA7964ED244674C0000FBE64 /* SwaggerClient */ = {
			isa = PBXGroup;
			children = (
				EA7964B524466821000FBE64 /* SwaggerClient */,
			);
			path = SwaggerClient;
			sourceTree = "<group>";
		};
/* End PBXGroup section */

/* Begin PBXNativeTarget section */
		EA780A2F2443EFD700219C38 /* PManager */ = {
			isa = PBXNativeTarget;
			buildConfigurationList = EA780A5A2443EFD800219C38 /* Build configuration list for PBXNativeTarget "PManager" */;
			buildPhases = (
				0BEA6464DC5F51F7908C9FD6 /* [CP] Check Pods Manifest.lock */,
				EA780A2C2443EFD700219C38 /* Sources */,
				EA780A2D2443EFD700219C38 /* Frameworks */,
				EA780A2E2443EFD700219C38 /* Resources */,
			);
			buildRules = (
			);
			dependencies = (
			);
			name = PManager;
			productName = PManager;
			productReference = EA780A302443EFD700219C38 /* PManager.app */;
			productType = "com.apple.product-type.application";
		};
		EA780A452443EFD800219C38 /* PManagerTests */ = {
			isa = PBXNativeTarget;
			buildConfigurationList = EA780A5D2443EFD800219C38 /* Build configuration list for PBXNativeTarget "PManagerTests" */;
			buildPhases = (
				EA780A422443EFD800219C38 /* Sources */,
				EA780A432443EFD800219C38 /* Frameworks */,
				EA780A442443EFD800219C38 /* Resources */,
			);
			buildRules = (
			);
			dependencies = (
				EA780A482443EFD800219C38 /* PBXTargetDependency */,
			);
			name = PManagerTests;
			productName = PManagerTests;
			productReference = EA780A462443EFD800219C38 /* PManagerTests.xctest */;
			productType = "com.apple.product-type.bundle.unit-test";
		};
		EA780A502443EFD800219C38 /* PManagerUITests */ = {
			isa = PBXNativeTarget;
			buildConfigurationList = EA780A602443EFD800219C38 /* Build configuration list for PBXNativeTarget "PManagerUITests" */;
			buildPhases = (
				EA780A4D2443EFD800219C38 /* Sources */,
				EA780A4E2443EFD800219C38 /* Frameworks */,
				EA780A4F2443EFD800219C38 /* Resources */,
			);
			buildRules = (
			);
			dependencies = (
				EA780A532443EFD800219C38 /* PBXTargetDependency */,
			);
			name = PManagerUITests;
			productName = PManagerUITests;
			productReference = EA780A512443EFD800219C38 /* PManagerUITests.xctest */;
			productType = "com.apple.product-type.bundle.ui-testing";
		};
/* End PBXNativeTarget section */

/* Begin PBXProject section */
		EA780A282443EFD700219C38 /* Project object */ = {
			isa = PBXProject;
			attributes = {
				LastSwiftUpdateCheck = 1140;
				LastUpgradeCheck = 1140;
				ORGANIZATIONNAME = "Lauryn Landkrohn";
				TargetAttributes = {
					EA780A2F2443EFD700219C38 = {
						CreatedOnToolsVersion = 11.4;
					};
					EA780A452443EFD800219C38 = {
						CreatedOnToolsVersion = 11.4;
						TestTargetID = EA780A2F2443EFD700219C38;
					};
					EA780A502443EFD800219C38 = {
						CreatedOnToolsVersion = 11.4;
						TestTargetID = EA780A2F2443EFD700219C38;
					};
				};
			};
			buildConfigurationList = EA780A2B2443EFD700219C38 /* Build configuration list for PBXProject "PManager" */;
			compatibilityVersion = "Xcode 9.3";
			developmentRegion = en;
			hasScannedForEncodings = 0;
			knownRegions = (
				en,
				Base,
			);
			mainGroup = EA780A272443EFD700219C38;
			productRefGroup = EA780A312443EFD700219C38 /* Products */;
			projectDirPath = "";
			projectRoot = "";
			targets = (
				EA780A2F2443EFD700219C38 /* PManager */,
				EA780A452443EFD800219C38 /* PManagerTests */,
				EA780A502443EFD800219C38 /* PManagerUITests */,
			);
		};
/* End PBXProject section */

/* Begin PBXResourcesBuildPhase section */
		EA780A2E2443EFD700219C38 /* Resources */ = {
			isa = PBXResourcesBuildPhase;
			buildActionMask = 2147483647;
			files = (
				EA7964D324466821000FBE64 /* git_push.sh in Resources */,
				EA780A402443EFD800219C38 /* LaunchScreen.storyboard in Resources */,
				EA7964D224466821000FBE64 /* Cartfile in Resources */,
				EA4783C22447F33000D3E189 /* Assets.xcassets in Resources */,
				EA7964D424466821000FBE64 /* SwaggerClient.podspec in Resources */,
				EA780A3B2443EFD700219C38 /* Main.storyboard in Resources */,
			);
			runOnlyForDeploymentPostprocessing = 0;
		};
		EA780A442443EFD800219C38 /* Resources */ = {
			isa = PBXResourcesBuildPhase;
			buildActionMask = 2147483647;
			files = (
			);
			runOnlyForDeploymentPostprocessing = 0;
		};
		EA780A4F2443EFD800219C38 /* Resources */ = {
			isa = PBXResourcesBuildPhase;
			buildActionMask = 2147483647;
			files = (
			);
			runOnlyForDeploymentPostprocessing = 0;
		};
/* End PBXResourcesBuildPhase section */

/* Begin PBXShellScriptBuildPhase section */
		0BEA6464DC5F51F7908C9FD6 /* [CP] Check Pods Manifest.lock */ = {
			isa = PBXShellScriptBuildPhase;
			buildActionMask = 2147483647;
			files = (
			);
			inputFileListPaths = (
			);
			inputPaths = (
				"${PODS_PODFILE_DIR_PATH}/Podfile.lock",
				"${PODS_ROOT}/Manifest.lock",
			);
			name = "[CP] Check Pods Manifest.lock";
			outputFileListPaths = (
			);
			outputPaths = (
				"$(DERIVED_FILE_DIR)/Pods-PManager-checkManifestLockResult.txt",
			);
			runOnlyForDeploymentPostprocessing = 0;
			shellPath = /bin/sh;
			shellScript = "diff \"${PODS_PODFILE_DIR_PATH}/Podfile.lock\" \"${PODS_ROOT}/Manifest.lock\" > /dev/null\nif [ $? != 0 ] ; then\n    # print error to STDERR\n    echo \"error: The sandbox is not in sync with the Podfile.lock. Run 'pod install' or update your CocoaPods installation.\" >&2\n    exit 1\nfi\n# This output is used by Xcode 'outputs' to avoid re-running this script phase.\necho \"SUCCESS\" > \"${SCRIPT_OUTPUT_FILE_0}\"\n";
			showEnvVarsInLog = 0;
		};
/* End PBXShellScriptBuildPhase section */

/* Begin PBXSourcesBuildPhase section */
		EA780A2C2443EFD700219C38 /* Sources */ = {
			isa = PBXSourcesBuildPhase;
			buildActionMask = 2147483647;
			files = (
				EA7964E924466821000FBE64 /* Extensions.swift in Sources */,
				EA7964D524466821000FBE64 /* APIHelper.swift in Sources */,
				EA7964D924466821000FBE64 /* CodableHelper.swift in Sources */,
				EA780A382443EFD700219C38 /* ViewController.swift in Sources */,
				EA7964D624466821000FBE64 /* AlamofireImplementations.swift in Sources */,
				EA7964DA24466821000FBE64 /* JSONEncodableEncoding.swift in Sources */,
				EA7964E024466821000FBE64 /* ResetRequest.swift in Sources */,
				EA7964E224466821000FBE64 /* InlineResponse4001.swift in Sources */,
				EA7964E624466821000FBE64 /* InlineResponse400Error.swift in Sources */,
				EA7964E524466821000FBE64 /* InlineResponse400.swift in Sources */,
				EA780A342443EFD700219C38 /* AppDelegate.swift in Sources */,
				EA7964DC24466821000FBE64 /* SignUpBadSyntax.swift in Sources */,
				EA7964E324466821000FBE64 /* InlineResponse409Error.swift in Sources */,
				EA7964E724466821000FBE64 /* ChangePasswordRequest.swift in Sources */,
				EA7964E824466821000FBE64 /* InlineResponse4001Error.swift in Sources */,
				EA7964E424466821000FBE64 /* ConfirmRequest.swift in Sources */,
				EA7964DF24466821000FBE64 /* SignUpRequest.swift in Sources */,
				EA7964D724466821000FBE64 /* JSONValue.swift in Sources */,
				EA7964E124466821000FBE64 /* InlineResponse409.swift in Sources */,
				EA7964DB24466821000FBE64 /* APIs.swift in Sources */,
				EA7964EC24466821000FBE64 /* Configuration.swift in Sources */,
				EA7964EA24466821000FBE64 /* JSONEncodingHelper.swift in Sources */,
				EA7964D824466821000FBE64 /* ClientsAPI.swift in Sources */,
				EA7964DD24466821000FBE64 /* LoginRequest.swift in Sources */,
				EA7964DE24466821000FBE64 /* ErrorSchema.swift in Sources */,
				EA7964EB24466821000FBE64 /* Models.swift in Sources */,
			);
			runOnlyForDeploymentPostprocessing = 0;
		};
		EA780A422443EFD800219C38 /* Sources */ = {
			isa = PBXSourcesBuildPhase;
			buildActionMask = 2147483647;
			files = (
				EA780A4B2443EFD800219C38 /* PManagerTests.swift in Sources */,
			);
			runOnlyForDeploymentPostprocessing = 0;
		};
		EA780A4D2443EFD800219C38 /* Sources */ = {
			isa = PBXSourcesBuildPhase;
			buildActionMask = 2147483647;
			files = (
				EA780A562443EFD800219C38 /* PManagerUITests.swift in Sources */,
			);
			runOnlyForDeploymentPostprocessing = 0;
		};
/* End PBXSourcesBuildPhase section */

/* Begin PBXTargetDependency section */
		EA780A482443EFD800219C38 /* PBXTargetDependency */ = {
			isa = PBXTargetDependency;
			target = EA780A2F2443EFD700219C38 /* PManager */;
			targetProxy = EA780A472443EFD800219C38 /* PBXContainerItemProxy */;
		};
		EA780A532443EFD800219C38 /* PBXTargetDependency */ = {
			isa = PBXTargetDependency;
			target = EA780A2F2443EFD700219C38 /* PManager */;
			targetProxy = EA780A522443EFD800219C38 /* PBXContainerItemProxy */;
		};
/* End PBXTargetDependency section */

/* Begin PBXVariantGroup section */
		EA780A392443EFD700219C38 /* Main.storyboard */ = {
			isa = PBXVariantGroup;
			children = (
				EA780A3A2443EFD700219C38 /* Base */,
			);
			name = Main.storyboard;
			sourceTree = "<group>";
		};
		EA780A3E2443EFD800219C38 /* LaunchScreen.storyboard */ = {
			isa = PBXVariantGroup;
			children = (
				EA780A3F2443EFD800219C38 /* Base */,
			);
			name = LaunchScreen.storyboard;
			sourceTree = "<group>";
		};
/* End PBXVariantGroup section */

/* Begin XCBuildConfiguration section */
		EA780A582443EFD800219C38 /* Debug */ = {
			isa = XCBuildConfiguration;
			buildSettings = {
				ALWAYS_SEARCH_USER_PATHS = NO;
				CLANG_ANALYZER_NONNULL = YES;
				CLANG_ANALYZER_NUMBER_OBJECT_CONVERSION = YES_AGGRESSIVE;
				CLANG_CXX_LANGUAGE_STANDARD = "gnu++14";
				CLANG_CXX_LIBRARY = "libc++";
				CLANG_ENABLE_MODULES = YES;
				CLANG_ENABLE_OBJC_ARC = YES;
				CLANG_ENABLE_OBJC_WEAK = YES;
				CLANG_WARN_BLOCK_CAPTURE_AUTORELEASING = YES;
				CLANG_WARN_BOOL_CONVERSION = YES;
				CLANG_WARN_COMMA = YES;
				CLANG_WARN_CONSTANT_CONVERSION = YES;
				CLANG_WARN_DEPRECATED_OBJC_IMPLEMENTATIONS = YES;
				CLANG_WARN_DIRECT_OBJC_ISA_USAGE = YES_ERROR;
				CLANG_WARN_DOCUMENTATION_COMMENTS = YES;
				CLANG_WARN_EMPTY_BODY = YES;
				CLANG_WARN_ENUM_CONVERSION = YES;
				CLANG_WARN_INFINITE_RECURSION = YES;
				CLANG_WARN_INT_CONVERSION = YES;
				CLANG_WARN_NON_LITERAL_NULL_CONVERSION = YES;
				CLANG_WARN_OBJC_IMPLICIT_RETAIN_SELF = YES;
				CLANG_WARN_OBJC_LITERAL_CONVERSION = YES;
				CLANG_WARN_OBJC_ROOT_CLASS = YES_ERROR;
				CLANG_WARN_RANGE_LOOP_ANALYSIS = YES;
				CLANG_WARN_STRICT_PROTOTYPES = YES;
				CLANG_WARN_SUSPICIOUS_MOVE = YES;
				CLANG_WARN_UNGUARDED_AVAILABILITY = YES_AGGRESSIVE;
				CLANG_WARN_UNREACHABLE_CODE = YES;
				CLANG_WARN__DUPLICATE_METHOD_MATCH = YES;
				COPY_PHASE_STRIP = NO;
				DEBUG_INFORMATION_FORMAT = dwarf;
				ENABLE_STRICT_OBJC_MSGSEND = YES;
				ENABLE_TESTABILITY = YES;
				GCC_C_LANGUAGE_STANDARD = gnu11;
				GCC_DYNAMIC_NO_PIC = NO;
				GCC_NO_COMMON_BLOCKS = YES;
				GCC_OPTIMIZATION_LEVEL = 0;
				GCC_PREPROCESSOR_DEFINITIONS = (
					"DEBUG=1",
					"$(inherited)",
				);
				GCC_WARN_64_TO_32_BIT_CONVERSION = YES;
				GCC_WARN_ABOUT_RETURN_TYPE = YES_ERROR;
				GCC_WARN_UNDECLARED_SELECTOR = YES;
				GCC_WARN_UNINITIALIZED_AUTOS = YES_AGGRESSIVE;
				GCC_WARN_UNUSED_FUNCTION = YES;
				GCC_WARN_UNUSED_VARIABLE = YES;
				IPHONEOS_DEPLOYMENT_TARGET = 13.4;
				MTL_ENABLE_DEBUG_INFO = INCLUDE_SOURCE;
				MTL_FAST_MATH = YES;
				ONLY_ACTIVE_ARCH = YES;
				SDKROOT = iphoneos;
				SWIFT_ACTIVE_COMPILATION_CONDITIONS = DEBUG;
				SWIFT_OPTIMIZATION_LEVEL = "-Onone";
			};
			name = Debug;
		};
		EA780A592443EFD800219C38 /* Release */ = {
			isa = XCBuildConfiguration;
			buildSettings = {
				ALWAYS_SEARCH_USER_PATHS = NO;
				CLANG_ANALYZER_NONNULL = YES;
				CLANG_ANALYZER_NUMBER_OBJECT_CONVERSION = YES_AGGRESSIVE;
				CLANG_CXX_LANGUAGE_STANDARD = "gnu++14";
				CLANG_CXX_LIBRARY = "libc++";
				CLANG_ENABLE_MODULES = YES;
				CLANG_ENABLE_OBJC_ARC = YES;
				CLANG_ENABLE_OBJC_WEAK = YES;
				CLANG_WARN_BLOCK_CAPTURE_AUTORELEASING = YES;
				CLANG_WARN_BOOL_CONVERSION = YES;
				CLANG_WARN_COMMA = YES;
				CLANG_WARN_CONSTANT_CONVERSION = YES;
				CLANG_WARN_DEPRECATED_OBJC_IMPLEMENTATIONS = YES;
				CLANG_WARN_DIRECT_OBJC_ISA_USAGE = YES_ERROR;
				CLANG_WARN_DOCUMENTATION_COMMENTS = YES;
				CLANG_WARN_EMPTY_BODY = YES;
				CLANG_WARN_ENUM_CONVERSION = YES;
				CLANG_WARN_INFINITE_RECURSION = YES;
				CLANG_WARN_INT_CONVERSION = YES;
				CLANG_WARN_NON_LITERAL_NULL_CONVERSION = YES;
				CLANG_WARN_OBJC_IMPLICIT_RETAIN_SELF = YES;
				CLANG_WARN_OBJC_LITERAL_CONVERSION = YES;
				CLANG_WARN_OBJC_ROOT_CLASS = YES_ERROR;
				CLANG_WARN_RANGE_LOOP_ANALYSIS = YES;
				CLANG_WARN_STRICT_PROTOTYPES = YES;
				CLANG_WARN_SUSPICIOUS_MOVE = YES;
				CLANG_WARN_UNGUARDED_AVAILABILITY = YES_AGGRESSIVE;
				CLANG_WARN_UNREACHABLE_CODE = YES;
				CLANG_WARN__DUPLICATE_METHOD_MATCH = YES;
				COPY_PHASE_STRIP = NO;
				DEBUG_INFORMATION_FORMAT = "dwarf-with-dsym";
				ENABLE_NS_ASSERTIONS = NO;
				ENABLE_STRICT_OBJC_MSGSEND = YES;
				GCC_C_LANGUAGE_STANDARD = gnu11;
				GCC_NO_COMMON_BLOCKS = YES;
				GCC_WARN_64_TO_32_BIT_CONVERSION = YES;
				GCC_WARN_ABOUT_RETURN_TYPE = YES_ERROR;
				GCC_WARN_UNDECLARED_SELECTOR = YES;
				GCC_WARN_UNINITIALIZED_AUTOS = YES_AGGRESSIVE;
				GCC_WARN_UNUSED_FUNCTION = YES;
				GCC_WARN_UNUSED_VARIABLE = YES;
				IPHONEOS_DEPLOYMENT_TARGET = 13.4;
				MTL_ENABLE_DEBUG_INFO = NO;
				MTL_FAST_MATH = YES;
				SDKROOT = iphoneos;
				SWIFT_COMPILATION_MODE = wholemodule;
				SWIFT_OPTIMIZATION_LEVEL = "-O";
				VALIDATE_PRODUCT = YES;
			};
			name = Release;
		};
		EA780A5B2443EFD800219C38 /* Debug */ = {
			isa = XCBuildConfiguration;
			baseConfigurationReference = EC2990AFD47F6D876247AD4C /* Pods-PManager.debug.xcconfig */;
			buildSettings = {
				ASSETCATALOG_COMPILER_APPICON_NAME = AppIcon;
				CODE_SIGN_STYLE = Automatic;
				DEVELOPMENT_TEAM = P873U83CC5;
				INFOPLIST_FILE = PManager/Info.plist;
				LD_RUNPATH_SEARCH_PATHS = (
					"$(inherited)",
					"@executable_path/Frameworks",
				);
				PRODUCT_BUNDLE_IDENTIFIER = UCF.PManager;
				PRODUCT_NAME = "$(TARGET_NAME)";
				SWIFT_VERSION = 5.0;
				TARGETED_DEVICE_FAMILY = "1,2";
			};
			name = Debug;
		};
		EA780A5C2443EFD800219C38 /* Release */ = {
			isa = XCBuildConfiguration;
			baseConfigurationReference = 4EE22FE68DF6C95F38799F8C /* Pods-PManager.release.xcconfig */;
			buildSettings = {
				ASSETCATALOG_COMPILER_APPICON_NAME = AppIcon;
				CODE_SIGN_STYLE = Automatic;
				DEVELOPMENT_TEAM = P873U83CC5;
				INFOPLIST_FILE = PManager/Info.plist;
				LD_RUNPATH_SEARCH_PATHS = (
					"$(inherited)",
					"@executable_path/Frameworks",
				);
				PRODUCT_BUNDLE_IDENTIFIER = UCF.PManager;
				PRODUCT_NAME = "$(TARGET_NAME)";
				SWIFT_VERSION = 5.0;
				TARGETED_DEVICE_FAMILY = "1,2";
			};
			name = Release;
		};
		EA780A5E2443EFD800219C38 /* Debug */ = {
			isa = XCBuildConfiguration;
			buildSettings = {
				ALWAYS_EMBED_SWIFT_STANDARD_LIBRARIES = YES;
				BUNDLE_LOADER = "$(TEST_HOST)";
				CODE_SIGN_STYLE = Automatic;
				DEVELOPMENT_TEAM = P873U83CC5;
				INFOPLIST_FILE = PManagerTests/Info.plist;
				IPHONEOS_DEPLOYMENT_TARGET = 13.4;
				LD_RUNPATH_SEARCH_PATHS = (
					"$(inherited)",
					"@executable_path/Frameworks",
					"@loader_path/Frameworks",
				);
				PRODUCT_BUNDLE_IDENTIFIER = UCF.PManagerTests;
				PRODUCT_NAME = "$(TARGET_NAME)";
				SWIFT_VERSION = 5.0;
				TARGETED_DEVICE_FAMILY = "1,2";
				TEST_HOST = "$(BUILT_PRODUCTS_DIR)/PManager.app/PManager";
			};
			name = Debug;
		};
		EA780A5F2443EFD800219C38 /* Release */ = {
			isa = XCBuildConfiguration;
			buildSettings = {
				ALWAYS_EMBED_SWIFT_STANDARD_LIBRARIES = YES;
				BUNDLE_LOADER = "$(TEST_HOST)";
				CODE_SIGN_STYLE = Automatic;
				DEVELOPMENT_TEAM = P873U83CC5;
				INFOPLIST_FILE = PManagerTests/Info.plist;
				IPHONEOS_DEPLOYMENT_TARGET = 13.4;
				LD_RUNPATH_SEARCH_PATHS = (
					"$(inherited)",
					"@executable_path/Frameworks",
					"@loader_path/Frameworks",
				);
				PRODUCT_BUNDLE_IDENTIFIER = UCF.PManagerTests;
				PRODUCT_NAME = "$(TARGET_NAME)";
				SWIFT_VERSION = 5.0;
				TARGETED_DEVICE_FAMILY = "1,2";
				TEST_HOST = "$(BUILT_PRODUCTS_DIR)/PManager.app/PManager";
			};
			name = Release;
		};
		EA780A612443EFD800219C38 /* Debug */ = {
			isa = XCBuildConfiguration;
			buildSettings = {
				ALWAYS_EMBED_SWIFT_STANDARD_LIBRARIES = YES;
				CODE_SIGN_STYLE = Automatic;
				DEVELOPMENT_TEAM = P873U83CC5;
				INFOPLIST_FILE = PManagerUITests/Info.plist;
				LD_RUNPATH_SEARCH_PATHS = (
					"$(inherited)",
					"@executable_path/Frameworks",
					"@loader_path/Frameworks",
				);
				PRODUCT_BUNDLE_IDENTIFIER = UCF.PManagerUITests;
				PRODUCT_NAME = "$(TARGET_NAME)";
				SWIFT_VERSION = 5.0;
				TARGETED_DEVICE_FAMILY = "1,2";
				TEST_TARGET_NAME = PManager;
			};
			name = Debug;
		};
		EA780A622443EFD800219C38 /* Release */ = {
			isa = XCBuildConfiguration;
			buildSettings = {
				ALWAYS_EMBED_SWIFT_STANDARD_LIBRARIES = YES;
				CODE_SIGN_STYLE = Automatic;
				DEVELOPMENT_TEAM = P873U83CC5;
				INFOPLIST_FILE = PManagerUITests/Info.plist;
				LD_RUNPATH_SEARCH_PATHS = (
					"$(inherited)",
					"@executable_path/Frameworks",
					"@loader_path/Frameworks",
				);
				PRODUCT_BUNDLE_IDENTIFIER = UCF.PManagerUITests;
				PRODUCT_NAME = "$(TARGET_NAME)";
				SWIFT_VERSION = 5.0;
				TARGETED_DEVICE_FAMILY = "1,2";
				TEST_TARGET_NAME = PManager;
			};
			name = Release;
		};
/* End XCBuildConfiguration section */

/* Begin XCConfigurationList section */
		EA780A2B2443EFD700219C38 /* Build configuration list for PBXProject "PManager" */ = {
			isa = XCConfigurationList;
			buildConfigurations = (
				EA780A582443EFD800219C38 /* Debug */,
				EA780A592443EFD800219C38 /* Release */,
			);
			defaultConfigurationIsVisible = 0;
			defaultConfigurationName = Release;
		};
		EA780A5A2443EFD800219C38 /* Build configuration list for PBXNativeTarget "PManager" */ = {
			isa = XCConfigurationList;
			buildConfigurations = (
				EA780A5B2443EFD800219C38 /* Debug */,
				EA780A5C2443EFD800219C38 /* Release */,
			);
			defaultConfigurationIsVisible = 0;
			defaultConfigurationName = Release;
		};
		EA780A5D2443EFD800219C38 /* Build configuration list for PBXNativeTarget "PManagerTests" */ = {
			isa = XCConfigurationList;
			buildConfigurations = (
				EA780A5E2443EFD800219C38 /* Debug */,
				EA780A5F2443EFD800219C38 /* Release */,
			);
			defaultConfigurationIsVisible = 0;
			defaultConfigurationName = Release;
		};
		EA780A602443EFD800219C38 /* Build configuration list for PBXNativeTarget "PManagerUITests" */ = {
			isa = XCConfigurationList;
			buildConfigurations = (
				EA780A612443EFD800219C38 /* Debug */,
				EA780A622443EFD800219C38 /* Release */,
			);
			defaultConfigurationIsVisible = 0;
			defaultConfigurationName = Release;
		};
/* End XCConfigurationList section */
	};
	rootObject = EA780A282443EFD700219C38 /* Project object */;
}
