// !$*UTF8*$!
{
	archiveVersion = 1;
	classes = {
	};
	objectVersion = 50;
	objects = {

/* Begin PBXBuildFile section */
		94FAF81772D1CAE3B67AB804 /* libPods-PManager.a in Frameworks */ = {isa = PBXBuildFile; fileRef = B36E19077092B58DDA0EAA30 /* libPods-PManager.a */; };
		EA780A342443EFD700219C38 /* AppDelegate.swift in Sources */ = {isa = PBXBuildFile; fileRef = EA780A332443EFD700219C38 /* AppDelegate.swift */; };
		EA780A382443EFD700219C38 /* ViewController.swift in Sources */ = {isa = PBXBuildFile; fileRef = EA780A372443EFD700219C38 /* ViewController.swift */; };
		EA780A3B2443EFD700219C38 /* Main.storyboard in Resources */ = {isa = PBXBuildFile; fileRef = EA780A392443EFD700219C38 /* Main.storyboard */; };
		EA780A402443EFD800219C38 /* LaunchScreen.storyboard in Resources */ = {isa = PBXBuildFile; fileRef = EA780A3E2443EFD800219C38 /* LaunchScreen.storyboard */; };
		EA780A4B2443EFD800219C38 /* PManagerTests.swift in Sources */ = {isa = PBXBuildFile; fileRef = EA780A4A2443EFD800219C38 /* PManagerTests.swift */; };
		EA780A562443EFD800219C38 /* PManagerUITests.swift in Sources */ = {isa = PBXBuildFile; fileRef = EA780A552443EFD800219C38 /* PManagerUITests.swift */; };
		EA85CD08244A4754001E5931 /* Assets.xcassets in Resources */ = {isa = PBXBuildFile; fileRef = EA85CD07244A4754001E5931 /* Assets.xcassets */; };
		EA85CD0C244B72CA001E5931 /* UITabBarController.swift in Sources */ = {isa = PBXBuildFile; fileRef = EA85CD0B244B72CA001E5931 /* UITabBarController.swift */; };
		EA85CD0E244B8340001E5931 /* ViolationsViewController.swift in Sources */ = {isa = PBXBuildFile; fileRef = EA85CD0D244B8340001E5931 /* ViolationsViewController.swift */; };
		EA85CD10244B834E001E5931 /* AddViolationViewController.swift in Sources */ = {isa = PBXBuildFile; fileRef = EA85CD0F244B834E001E5931 /* AddViolationViewController.swift */; };
		EA85CD12244B8358001E5931 /* AccountViewController.swift in Sources */ = {isa = PBXBuildFile; fileRef = EA85CD11244B8358001E5931 /* AccountViewController.swift */; };
		EA85CD82244BDD40001E5931 /* ImagePickerManager.swift in Sources */ = {isa = PBXBuildFile; fileRef = EA85CD81244BDD40001E5931 /* ImagePickerManager.swift */; };
		EA85CD84244BFBCE001E5931 /* ViolationCell.swift in Sources */ = {isa = PBXBuildFile; fileRef = EA85CD83244BFBCE001E5931 /* ViolationCell.swift */; };
		EA85CF0B244CEAF8001E5931 /* .swagger-codegen-ignore in Resources */ = {isa = PBXBuildFile; fileRef = EA85CEDA244CEAF8001E5931 /* .swagger-codegen-ignore */; };
		EA85CF0C244CEAF8001E5931 /* Cartfile in Resources */ = {isa = PBXBuildFile; fileRef = EA85CEDB244CEAF8001E5931 /* Cartfile */; };
		EA85CF0D244CEAF8001E5931 /* SwaggerClient.podspec in Resources */ = {isa = PBXBuildFile; fileRef = EA85CEDC244CEAF8001E5931 /* SwaggerClient.podspec */; };
		EA85CF0E244CEAF8001E5931 /* git_push.sh in Resources */ = {isa = PBXBuildFile; fileRef = EA85CEDD244CEAF8001E5931 /* git_push.sh */; };
		EA85CF0F244CEAF8001E5931 /* .gitignore in Resources */ = {isa = PBXBuildFile; fileRef = EA85CEDE244CEAF8001E5931 /* .gitignore */; };
		EA85CF10244CEAF8001E5931 /* VERSION in Resources */ = {isa = PBXBuildFile; fileRef = EA85CEE0244CEAF8001E5931 /* VERSION */; };
		EA85CF11244CEAF8001E5931 /* APIHelper.swift in Sources */ = {isa = PBXBuildFile; fileRef = EA85CEE4244CEAF8001E5931 /* APIHelper.swift */; };
		EA85CF12244CEAF8001E5931 /* AlamofireImplementations.swift in Sources */ = {isa = PBXBuildFile; fileRef = EA85CEE5244CEAF8001E5931 /* AlamofireImplementations.swift */; };
		EA85CF13244CEAF8001E5931 /* JSONValue.swift in Sources */ = {isa = PBXBuildFile; fileRef = EA85CEE6244CEAF8001E5931 /* JSONValue.swift */; };
		EA85CF14244CEAF8001E5931 /* ClientsAPI.swift in Sources */ = {isa = PBXBuildFile; fileRef = EA85CEE8244CEAF8001E5931 /* ClientsAPI.swift */; };
		EA85CF15244CEAF8001E5931 /* CodableHelper.swift in Sources */ = {isa = PBXBuildFile; fileRef = EA85CEE9244CEAF8001E5931 /* CodableHelper.swift */; };
		EA85CF16244CEAF8001E5931 /* JSONEncodableEncoding.swift in Sources */ = {isa = PBXBuildFile; fileRef = EA85CEEA244CEAF8001E5931 /* JSONEncodableEncoding.swift */; };
		EA85CF17244CEAF8001E5931 /* APIs.swift in Sources */ = {isa = PBXBuildFile; fileRef = EA85CEEB244CEAF8001E5931 /* APIs.swift */; };
		EA85CF18244CEAF8001E5931 /* SignUpBadSyntax.swift in Sources */ = {isa = PBXBuildFile; fileRef = EA85CEED244CEAF8001E5931 /* SignUpBadSyntax.swift */; };
		EA85CF19244CEAF8001E5931 /* DatabaseTicketWithoutHistory.swift in Sources */ = {isa = PBXBuildFile; fileRef = EA85CEEE244CEAF8001E5931 /* DatabaseTicketWithoutHistory.swift */; };
		EA85CF1A244CEAF8001E5931 /* LoginRequest.swift in Sources */ = {isa = PBXBuildFile; fileRef = EA85CEEF244CEAF8001E5931 /* LoginRequest.swift */; };
		EA85CF1B244CEAF8001E5931 /* ErrorSchema.swift in Sources */ = {isa = PBXBuildFile; fileRef = EA85CEF0244CEAF8001E5931 /* ErrorSchema.swift */; };
		EA85CF1C244CEAF8001E5931 /* InlineResponse2003.swift in Sources */ = {isa = PBXBuildFile; fileRef = EA85CEF1244CEAF8001E5931 /* InlineResponse2003.swift */; };
		EA85CF1D244CEAF8001E5931 /* SignUpRequest.swift in Sources */ = {isa = PBXBuildFile; fileRef = EA85CEF2244CEAF8001E5931 /* SignUpRequest.swift */; };
		EA85CF1E244CEAF8001E5931 /* InlineResponse2001.swift in Sources */ = {isa = PBXBuildFile; fileRef = EA85CEF3244CEAF8001E5931 /* InlineResponse2001.swift */; };
		EA85CF1F244CEAF8001E5931 /* ResetRequest.swift in Sources */ = {isa = PBXBuildFile; fileRef = EA85CEF4244CEAF8001E5931 /* ResetRequest.swift */; };
		EA85CF20244CEAF8001E5931 /* InlineResponse2004TicketsByViolation.swift in Sources */ = {isa = PBXBuildFile; fileRef = EA85CEF5244CEAF8001E5931 /* InlineResponse2004TicketsByViolation.swift */; };
		EA85CF21244CEAF8001E5931 /* InlineResponse409.swift in Sources */ = {isa = PBXBuildFile; fileRef = EA85CEF6244CEAF8001E5931 /* InlineResponse409.swift */; };
		EA85CF22244CEAF8001E5931 /* InlineResponse2004.swift in Sources */ = {isa = PBXBuildFile; fileRef = EA85CEF7244CEAF8001E5931 /* InlineResponse2004.swift */; };
		EA85CF23244CEAF8001E5931 /* InlineResponse4001.swift in Sources */ = {isa = PBXBuildFile; fileRef = EA85CEF8244CEAF8001E5931 /* InlineResponse4001.swift */; };
		EA85CF24244CEAF8001E5931 /* InlineResponse409Error.swift in Sources */ = {isa = PBXBuildFile; fileRef = EA85CEF9244CEAF8001E5931 /* InlineResponse409Error.swift */; };
		EA85CF25244CEAF8001E5931 /* InlineResponse2002.swift in Sources */ = {isa = PBXBuildFile; fileRef = EA85CEFA244CEAF8001E5931 /* InlineResponse2002.swift */; };
		EA85CF26244CEAF8001E5931 /* UpdateTicketRequest.swift in Sources */ = {isa = PBXBuildFile; fileRef = EA85CEFB244CEAF8001E5931 /* UpdateTicketRequest.swift */; };
		EA85CF27244CEAF8001E5931 /* InlineResponse200.swift in Sources */ = {isa = PBXBuildFile; fileRef = EA85CEFC244CEAF8001E5931 /* InlineResponse200.swift */; };
		EA85CF28244CEAF8001E5931 /* ConfirmRequest.swift in Sources */ = {isa = PBXBuildFile; fileRef = EA85CEFD244CEAF8001E5931 /* ConfirmRequest.swift */; };
		EA85CF29244CEAF8001E5931 /* DatabaseTicketWithoutHistoryImage.swift in Sources */ = {isa = PBXBuildFile; fileRef = EA85CEFE244CEAF8001E5931 /* DatabaseTicketWithoutHistoryImage.swift */; };
		EA85CF2A244CEAF8001E5931 /* DatabaseTicket.swift in Sources */ = {isa = PBXBuildFile; fileRef = EA85CEFF244CEAF8001E5931 /* DatabaseTicket.swift */; };
		EA85CF2B244CEAF8001E5931 /* TicketCreateRequest.swift in Sources */ = {isa = PBXBuildFile; fileRef = EA85CF00244CEAF8001E5931 /* TicketCreateRequest.swift */; };
		EA85CF2C244CEAF8001E5931 /* InlineResponse400.swift in Sources */ = {isa = PBXBuildFile; fileRef = EA85CF01244CEAF8001E5931 /* InlineResponse400.swift */; };
		EA85CF2D244CEAF8001E5931 /* InlineResponse400Error.swift in Sources */ = {isa = PBXBuildFile; fileRef = EA85CF02244CEAF8001E5931 /* InlineResponse400Error.swift */; };
		EA85CF2E244CEAF8001E5931 /* InlineResponse2004TicketsByLocation.swift in Sources */ = {isa = PBXBuildFile; fileRef = EA85CF03244CEAF8001E5931 /* InlineResponse2004TicketsByLocation.swift */; };
		EA85CF2F244CEAF8001E5931 /* ChangePasswordRequest.swift in Sources */ = {isa = PBXBuildFile; fileRef = EA85CF04244CEAF8001E5931 /* ChangePasswordRequest.swift */; };
		EA85CF30244CEAF8001E5931 /* TicketBase.swift in Sources */ = {isa = PBXBuildFile; fileRef = EA85CF05244CEAF8001E5931 /* TicketBase.swift */; };
		EA85CF31244CEAF8001E5931 /* InlineResponse4001Error.swift in Sources */ = {isa = PBXBuildFile; fileRef = EA85CF06244CEAF8001E5931 /* InlineResponse4001Error.swift */; };
		EA85CF32244CEAF8001E5931 /* Extensions.swift in Sources */ = {isa = PBXBuildFile; fileRef = EA85CF07244CEAF8001E5931 /* Extensions.swift */; };
		EA85CF33244CEAF8001E5931 /* JSONEncodingHelper.swift in Sources */ = {isa = PBXBuildFile; fileRef = EA85CF08244CEAF8001E5931 /* JSONEncodingHelper.swift */; };
		EA85CF34244CEAF8001E5931 /* Models.swift in Sources */ = {isa = PBXBuildFile; fileRef = EA85CF09244CEAF8001E5931 /* Models.swift */; };
		EA85CF35244CEAF8001E5931 /* Configuration.swift in Sources */ = {isa = PBXBuildFile; fileRef = EA85CF0A244CEAF8001E5931 /* Configuration.swift */; };
		EA85CF37244D4FFB001E5931 /* clickCellViewController.swift in Sources */ = {isa = PBXBuildFile; fileRef = EA85CF36244D4FFB001E5931 /* clickCellViewController.swift */; };
/* End PBXBuildFile section */

/* Begin PBXContainerItemProxy section */
		EA780A472443EFD800219C38 /* PBXContainerItemProxy */ = {
			isa = PBXContainerItemProxy;
			containerPortal = EA780A282443EFD700219C38 /* Project object */;
			proxyType = 1;
			remoteGlobalIDString = EA780A2F2443EFD700219C38;
			remoteInfo = PManager;
		};
		EA780A522443EFD800219C38 /* PBXContainerItemProxy */ = {
			isa = PBXContainerItemProxy;
			containerPortal = EA780A282443EFD700219C38 /* Project object */;
			proxyType = 1;
			remoteGlobalIDString = EA780A2F2443EFD700219C38;
			remoteInfo = PManager;
		};
/* End PBXContainerItemProxy section */

/* Begin PBXFileReference section */
		4EE22FE68DF6C95F38799F8C /* Pods-PManager.release.xcconfig */ = {isa = PBXFileReference; includeInIndex = 1; lastKnownFileType = text.xcconfig; name = "Pods-PManager.release.xcconfig"; path = "Target Support Files/Pods-PManager/Pods-PManager.release.xcconfig"; sourceTree = "<group>"; };
		B36E19077092B58DDA0EAA30 /* libPods-PManager.a */ = {isa = PBXFileReference; explicitFileType = archive.ar; includeInIndex = 0; path = "libPods-PManager.a"; sourceTree = BUILT_PRODUCTS_DIR; };
		EA780A302443EFD700219C38 /* PManager.app */ = {isa = PBXFileReference; explicitFileType = wrapper.application; includeInIndex = 0; path = PManager.app; sourceTree = BUILT_PRODUCTS_DIR; };
		EA780A332443EFD700219C38 /* AppDelegate.swift */ = {isa = PBXFileReference; lastKnownFileType = sourcecode.swift; path = AppDelegate.swift; sourceTree = "<group>"; };
		EA780A372443EFD700219C38 /* ViewController.swift */ = {isa = PBXFileReference; lastKnownFileType = sourcecode.swift; path = ViewController.swift; sourceTree = "<group>"; };
		EA780A3A2443EFD700219C38 /* Base */ = {isa = PBXFileReference; lastKnownFileType = file.storyboard; name = Base; path = Base.lproj/Main.storyboard; sourceTree = "<group>"; };
		EA780A3F2443EFD800219C38 /* Base */ = {isa = PBXFileReference; lastKnownFileType = file.storyboard; name = Base; path = Base.lproj/LaunchScreen.storyboard; sourceTree = "<group>"; };
		EA780A412443EFD800219C38 /* Info.plist */ = {isa = PBXFileReference; lastKnownFileType = text.plist.xml; path = Info.plist; sourceTree = "<group>"; };
		EA780A462443EFD800219C38 /* PManagerTests.xctest */ = {isa = PBXFileReference; explicitFileType = wrapper.cfbundle; includeInIndex = 0; path = PManagerTests.xctest; sourceTree = BUILT_PRODUCTS_DIR; };
		EA780A4A2443EFD800219C38 /* PManagerTests.swift */ = {isa = PBXFileReference; lastKnownFileType = sourcecode.swift; path = PManagerTests.swift; sourceTree = "<group>"; };
		EA780A4C2443EFD800219C38 /* Info.plist */ = {isa = PBXFileReference; lastKnownFileType = text.plist.xml; path = Info.plist; sourceTree = "<group>"; };
		EA780A512443EFD800219C38 /* PManagerUITests.xctest */ = {isa = PBXFileReference; explicitFileType = wrapper.cfbundle; includeInIndex = 0; path = PManagerUITests.xctest; sourceTree = BUILT_PRODUCTS_DIR; };
		EA780A552443EFD800219C38 /* PManagerUITests.swift */ = {isa = PBXFileReference; lastKnownFileType = sourcecode.swift; path = PManagerUITests.swift; sourceTree = "<group>"; };
		EA780A572443EFD800219C38 /* Info.plist */ = {isa = PBXFileReference; lastKnownFileType = text.plist.xml; path = Info.plist; sourceTree = "<group>"; };
		EA85CD07244A4754001E5931 /* Assets.xcassets */ = {isa = PBXFileReference; lastKnownFileType = folder.assetcatalog; name = Assets.xcassets; path = PManager/Assets.xcassets; sourceTree = "<group>"; };
		EA85CD0B244B72CA001E5931 /* UITabBarController.swift */ = {isa = PBXFileReference; lastKnownFileType = sourcecode.swift; path = UITabBarController.swift; sourceTree = "<group>"; };
		EA85CD0D244B8340001E5931 /* ViolationsViewController.swift */ = {isa = PBXFileReference; lastKnownFileType = sourcecode.swift; path = ViolationsViewController.swift; sourceTree = "<group>"; };
		EA85CD0F244B834E001E5931 /* AddViolationViewController.swift */ = {isa = PBXFileReference; lastKnownFileType = sourcecode.swift; path = AddViolationViewController.swift; sourceTree = "<group>"; };
		EA85CD11244B8358001E5931 /* AccountViewController.swift */ = {isa = PBXFileReference; lastKnownFileType = sourcecode.swift; path = AccountViewController.swift; sourceTree = "<group>"; };
		EA85CD81244BDD40001E5931 /* ImagePickerManager.swift */ = {isa = PBXFileReference; lastKnownFileType = sourcecode.swift; path = ImagePickerManager.swift; sourceTree = "<group>"; };
		EA85CD83244BFBCE001E5931 /* ViolationCell.swift */ = {isa = PBXFileReference; lastKnownFileType = sourcecode.swift; path = ViolationCell.swift; sourceTree = "<group>"; };
		EA85CEDA244CEAF8001E5931 /* .swagger-codegen-ignore */ = {isa = PBXFileReference; fileEncoding = 4; lastKnownFileType = text; path = ".swagger-codegen-ignore"; sourceTree = "<group>"; };
		EA85CEDB244CEAF8001E5931 /* Cartfile */ = {isa = PBXFileReference; fileEncoding = 4; lastKnownFileType = text; path = Cartfile; sourceTree = "<group>"; };
		EA85CEDC244CEAF8001E5931 /* SwaggerClient.podspec */ = {isa = PBXFileReference; fileEncoding = 4; lastKnownFileType = text; path = SwaggerClient.podspec; sourceTree = "<group>"; };
		EA85CEDD244CEAF8001E5931 /* git_push.sh */ = {isa = PBXFileReference; fileEncoding = 4; lastKnownFileType = text.script.sh; path = git_push.sh; sourceTree = "<group>"; };
		EA85CEDE244CEAF8001E5931 /* .gitignore */ = {isa = PBXFileReference; fileEncoding = 4; lastKnownFileType = text; path = .gitignore; sourceTree = "<group>"; };
		EA85CEE0244CEAF8001E5931 /* VERSION */ = {isa = PBXFileReference; fileEncoding = 4; lastKnownFileType = text; path = VERSION; sourceTree = "<group>"; };
		EA85CEE4244CEAF8001E5931 /* APIHelper.swift */ = {isa = PBXFileReference; fileEncoding = 4; lastKnownFileType = sourcecode.swift; path = APIHelper.swift; sourceTree = "<group>"; };
		EA85CEE5244CEAF8001E5931 /* AlamofireImplementations.swift */ = {isa = PBXFileReference; fileEncoding = 4; lastKnownFileType = sourcecode.swift; path = AlamofireImplementations.swift; sourceTree = "<group>"; };
		EA85CEE6244CEAF8001E5931 /* JSONValue.swift */ = {isa = PBXFileReference; fileEncoding = 4; lastKnownFileType = sourcecode.swift; path = JSONValue.swift; sourceTree = "<group>"; };
		EA85CEE8244CEAF8001E5931 /* ClientsAPI.swift */ = {isa = PBXFileReference; fileEncoding = 4; lastKnownFileType = sourcecode.swift; path = ClientsAPI.swift; sourceTree = "<group>"; };
		EA85CEE9244CEAF8001E5931 /* CodableHelper.swift */ = {isa = PBXFileReference; fileEncoding = 4; lastKnownFileType = sourcecode.swift; path = CodableHelper.swift; sourceTree = "<group>"; };
		EA85CEEA244CEAF8001E5931 /* JSONEncodableEncoding.swift */ = {isa = PBXFileReference; fileEncoding = 4; lastKnownFileType = sourcecode.swift; path = JSONEncodableEncoding.swift; sourceTree = "<group>"; };
		EA85CEEB244CEAF8001E5931 /* APIs.swift */ = {isa = PBXFileReference; fileEncoding = 4; lastKnownFileType = sourcecode.swift; path = APIs.swift; sourceTree = "<group>"; };
		EA85CEED244CEAF8001E5931 /* SignUpBadSyntax.swift */ = {isa = PBXFileReference; fileEncoding = 4; lastKnownFileType = sourcecode.swift; path = SignUpBadSyntax.swift; sourceTree = "<group>"; };
		EA85CEEE244CEAF8001E5931 /* DatabaseTicketWithoutHistory.swift */ = {isa = PBXFileReference; fileEncoding = 4; lastKnownFileType = sourcecode.swift; path = DatabaseTicketWithoutHistory.swift; sourceTree = "<group>"; };
		EA85CEEF244CEAF8001E5931 /* LoginRequest.swift */ = {isa = PBXFileReference; fileEncoding = 4; lastKnownFileType = sourcecode.swift; path = LoginRequest.swift; sourceTree = "<group>"; };
		EA85CEF0244CEAF8001E5931 /* ErrorSchema.swift */ = {isa = PBXFileReference; fileEncoding = 4; lastKnownFileType = sourcecode.swift; path = ErrorSchema.swift; sourceTree = "<group>"; };
		EA85CEF1244CEAF8001E5931 /* InlineResponse2003.swift */ = {isa = PBXFileReference; fileEncoding = 4; lastKnownFileType = sourcecode.swift; path = InlineResponse2003.swift; sourceTree = "<group>"; };
		EA85CEF2244CEAF8001E5931 /* SignUpRequest.swift */ = {isa = PBXFileReference; fileEncoding = 4; lastKnownFileType = sourcecode.swift; path = SignUpRequest.swift; sourceTree = "<group>"; };
		EA85CEF3244CEAF8001E5931 /* InlineResponse2001.swift */ = {isa = PBXFileReference; fileEncoding = 4; lastKnownFileType = sourcecode.swift; path = InlineResponse2001.swift; sourceTree = "<group>"; };
		EA85CEF4244CEAF8001E5931 /* ResetRequest.swift */ = {isa = PBXFileReference; fileEncoding = 4; lastKnownFileType = sourcecode.swift; path = ResetRequest.swift; sourceTree = "<group>"; };
		EA85CEF5244CEAF8001E5931 /* InlineResponse2004TicketsByViolation.swift */ = {isa = PBXFileReference; fileEncoding = 4; lastKnownFileType = sourcecode.swift; path = InlineResponse2004TicketsByViolation.swift; sourceTree = "<group>"; };
		EA85CEF6244CEAF8001E5931 /* InlineResponse409.swift */ = {isa = PBXFileReference; fileEncoding = 4; lastKnownFileType = sourcecode.swift; path = InlineResponse409.swift; sourceTree = "<group>"; };
		EA85CEF7244CEAF8001E5931 /* InlineResponse2004.swift */ = {isa = PBXFileReference; fileEncoding = 4; lastKnownFileType = sourcecode.swift; path = InlineResponse2004.swift; sourceTree = "<group>"; };
		EA85CEF8244CEAF8001E5931 /* InlineResponse4001.swift */ = {isa = PBXFileReference; fileEncoding = 4; lastKnownFileType = sourcecode.swift; path = InlineResponse4001.swift; sourceTree = "<group>"; };
		EA85CEF9244CEAF8001E5931 /* InlineResponse409Error.swift */ = {isa = PBXFileReference; fileEncoding = 4; lastKnownFileType = sourcecode.swift; path = InlineResponse409Error.swift; sourceTree = "<group>"; };
		EA85CEFA244CEAF8001E5931 /* InlineResponse2002.swift */ = {isa = PBXFileReference; fileEncoding = 4; lastKnownFileType = sourcecode.swift; path = InlineResponse2002.swift; sourceTree = "<group>"; };
		EA85CEFB244CEAF8001E5931 /* UpdateTicketRequest.swift */ = {isa = PBXFileReference; fileEncoding = 4; lastKnownFileType = sourcecode.swift; path = UpdateTicketRequest.swift; sourceTree = "<group>"; };
		EA85CEFC244CEAF8001E5931 /* InlineResponse200.swift */ = {isa = PBXFileReference; fileEncoding = 4; lastKnownFileType = sourcecode.swift; path = InlineResponse200.swift; sourceTree = "<group>"; };
		EA85CEFD244CEAF8001E5931 /* ConfirmRequest.swift */ = {isa = PBXFileReference; fileEncoding = 4; lastKnownFileType = sourcecode.swift; path = ConfirmRequest.swift; sourceTree = "<group>"; };
		EA85CEFE244CEAF8001E5931 /* DatabaseTicketWithoutHistoryImage.swift */ = {isa = PBXFileReference; fileEncoding = 4; lastKnownFileType = sourcecode.swift; path = DatabaseTicketWithoutHistoryImage.swift; sourceTree = "<group>"; };
		EA85CEFF244CEAF8001E5931 /* DatabaseTicket.swift */ = {isa = PBXFileReference; fileEncoding = 4; lastKnownFileType = sourcecode.swift; path = DatabaseTicket.swift; sourceTree = "<group>"; };
		EA85CF00244CEAF8001E5931 /* TicketCreateRequest.swift */ = {isa = PBXFileReference; fileEncoding = 4; lastKnownFileType = sourcecode.swift; path = TicketCreateRequest.swift; sourceTree = "<group>"; };
		EA85CF01244CEAF8001E5931 /* InlineResponse400.swift */ = {isa = PBXFileReference; fileEncoding = 4; lastKnownFileType = sourcecode.swift; path = InlineResponse400.swift; sourceTree = "<group>"; };
		EA85CF02244CEAF8001E5931 /* InlineResponse400Error.swift */ = {isa = PBXFileReference; fileEncoding = 4; lastKnownFileType = sourcecode.swift; path = InlineResponse400Error.swift; sourceTree = "<group>"; };
		EA85CF03244CEAF8001E5931 /* InlineResponse2004TicketsByLocation.swift */ = {isa = PBXFileReference; fileEncoding = 4; lastKnownFileType = sourcecode.swift; path = InlineResponse2004TicketsByLocation.swift; sourceTree = "<group>"; };
		EA85CF04244CEAF8001E5931 /* ChangePasswordRequest.swift */ = {isa = PBXFileReference; fileEncoding = 4; lastKnownFileType = sourcecode.swift; path = ChangePasswordRequest.swift; sourceTree = "<group>"; };
		EA85CF05244CEAF8001E5931 /* TicketBase.swift */ = {isa = PBXFileReference; fileEncoding = 4; lastKnownFileType = sourcecode.swift; path = TicketBase.swift; sourceTree = "<group>"; };
		EA85CF06244CEAF8001E5931 /* InlineResponse4001Error.swift */ = {isa = PBXFileReference; fileEncoding = 4; lastKnownFileType = sourcecode.swift; path = InlineResponse4001Error.swift; sourceTree = "<group>"; };
		EA85CF07244CEAF8001E5931 /* Extensions.swift */ = {isa = PBXFileReference; fileEncoding = 4; lastKnownFileType = sourcecode.swift; path = Extensions.swift; sourceTree = "<group>"; };
		EA85CF08244CEAF8001E5931 /* JSONEncodingHelper.swift */ = {isa = PBXFileReference; fileEncoding = 4; lastKnownFileType = sourcecode.swift; path = JSONEncodingHelper.swift; sourceTree = "<group>"; };
		EA85CF09244CEAF8001E5931 /* Models.swift */ = {isa = PBXFileReference; fileEncoding = 4; lastKnownFileType = sourcecode.swift; path = Models.swift; sourceTree = "<group>"; };
		EA85CF0A244CEAF8001E5931 /* Configuration.swift */ = {isa = PBXFileReference; fileEncoding = 4; lastKnownFileType = sourcecode.swift; path = Configuration.swift; sourceTree = "<group>"; };
		EA85CF36244D4FFB001E5931 /* clickCellViewController.swift */ = {isa = PBXFileReference; lastKnownFileType = sourcecode.swift; path = clickCellViewController.swift; sourceTree = "<group>"; };
		EC2990AFD47F6D876247AD4C /* Pods-PManager.debug.xcconfig */ = {isa = PBXFileReference; includeInIndex = 1; lastKnownFileType = text.xcconfig; name = "Pods-PManager.debug.xcconfig"; path = "Target Support Files/Pods-PManager/Pods-PManager.debug.xcconfig"; sourceTree = "<group>"; };
/* End PBXFileReference section */

/* Begin PBXFrameworksBuildPhase section */
		EA780A2D2443EFD700219C38 /* Frameworks */ = {
			isa = PBXFrameworksBuildPhase;
			buildActionMask = 2147483647;
			files = (
				94FAF81772D1CAE3B67AB804 /* libPods-PManager.a in Frameworks */,
			);
			runOnlyForDeploymentPostprocessing = 0;
		};
		EA780A432443EFD800219C38 /* Frameworks */ = {
			isa = PBXFrameworksBuildPhase;
			buildActionMask = 2147483647;
			files = (
			);
			runOnlyForDeploymentPostprocessing = 0;
		};
		EA780A4E2443EFD800219C38 /* Frameworks */ = {
			isa = PBXFrameworksBuildPhase;
			buildActionMask = 2147483647;
			files = (
			);
			runOnlyForDeploymentPostprocessing = 0;
		};
/* End PBXFrameworksBuildPhase section */

/* Begin PBXGroup section */
		19B8C2CCCEAA2E25DC391ABE /* Pods */ = {
			isa = PBXGroup;
			children = (
				EC2990AFD47F6D876247AD4C /* Pods-PManager.debug.xcconfig */,
				4EE22FE68DF6C95F38799F8C /* Pods-PManager.release.xcconfig */,
			);
			path = Pods;
			sourceTree = "<group>";
		};
		47DA139ADF21FCCD70FE927B /* Frameworks */ = {
			isa = PBXGroup;
			children = (
				EA85CED9244CEAF8001E5931 /* swift5-client-generated */,
				B36E19077092B58DDA0EAA30 /* libPods-PManager.a */,
			);
			name = Frameworks;
			sourceTree = "<group>";
		};
		EA780A272443EFD700219C38 = {
			isa = PBXGroup;
			children = (
				EA85CD07244A4754001E5931 /* Assets.xcassets */,
				EA780A322443EFD700219C38 /* PManager */,
				EA780A492443EFD800219C38 /* PManagerTests */,
				EA780A542443EFD800219C38 /* PManagerUITests */,
				EA780A312443EFD700219C38 /* Products */,
				19B8C2CCCEAA2E25DC391ABE /* Pods */,
				47DA139ADF21FCCD70FE927B /* Frameworks */,
			);
			sourceTree = "<group>";
		};
		EA780A312443EFD700219C38 /* Products */ = {
			isa = PBXGroup;
			children = (
				EA780A302443EFD700219C38 /* PManager.app */,
				EA780A462443EFD800219C38 /* PManagerTests.xctest */,
				EA780A512443EFD800219C38 /* PManagerUITests.xctest */,
			);
			name = Products;
			sourceTree = "<group>";
		};
		EA780A322443EFD700219C38 /* PManager */ = {
			isa = PBXGroup;
			children = (
				EA780A332443EFD700219C38 /* AppDelegate.swift */,
				EA780A372443EFD700219C38 /* ViewController.swift */,
				EA85CD0D244B8340001E5931 /* ViolationsViewController.swift */,
				EA85CD0F244B834E001E5931 /* AddViolationViewController.swift */,
				EA85CD11244B8358001E5931 /* AccountViewController.swift */,
				EA85CD0B244B72CA001E5931 /* UITabBarController.swift */,
				EA780A392443EFD700219C38 /* Main.storyboard */,
				EA85CF36244D4FFB001E5931 /* clickCellViewController.swift */,
				EA780A3E2443EFD800219C38 /* LaunchScreen.storyboard */,
				EA780A412443EFD800219C38 /* Info.plist */,
				EA85CD81244BDD40001E5931 /* ImagePickerManager.swift */,
				EA85CD83244BFBCE001E5931 /* ViolationCell.swift */,
			);
			path = PManager;
			sourceTree = "<group>";
		};
		EA780A492443EFD800219C38 /* PManagerTests */ = {
			isa = PBXGroup;
			children = (
				EA780A4A2443EFD800219C38 /* PManagerTests.swift */,
				EA780A4C2443EFD800219C38 /* Info.plist */,
			);
			path = PManagerTests;
			sourceTree = "<group>";
		};
		EA780A542443EFD800219C38 /* PManagerUITests */ = {
			isa = PBXGroup;
			children = (
				EA780A552443EFD800219C38 /* PManagerUITests.swift */,
				EA780A572443EFD800219C38 /* Info.plist */,
			);
			path = PManagerUITests;
			sourceTree = "<group>";
		};
		EA85CED9244CEAF8001E5931 /* swift5-client-generated */ = {
			isa = PBXGroup;
			children = (
				EA85CEDA244CEAF8001E5931 /* .swagger-codegen-ignore */,
				EA85CEDB244CEAF8001E5931 /* Cartfile */,
				EA85CEDC244CEAF8001E5931 /* SwaggerClient.podspec */,
				EA85CEDD244CEAF8001E5931 /* git_push.sh */,
				EA85CEDE244CEAF8001E5931 /* .gitignore */,
				EA85CEDF244CEAF8001E5931 /* .swagger-codegen */,
				EA85CEE1244CEAF8001E5931 /* SwaggerClient */,
			);
			path = "swift5-client-generated";
			sourceTree = "<group>";
		};
		EA85CEDF244CEAF8001E5931 /* .swagger-codegen */ = {
			isa = PBXGroup;
			children = (
				EA85CEE0244CEAF8001E5931 /* VERSION */,
			);
			path = ".swagger-codegen";
			sourceTree = "<group>";
		};
		EA85CEE1244CEAF8001E5931 /* SwaggerClient */ = {
			isa = PBXGroup;
			children = (
				EA85CEE2244CEAF8001E5931 /* Classes */,
			);
			path = SwaggerClient;
			sourceTree = "<group>";
		};
		EA85CEE2244CEAF8001E5931 /* Classes */ = {
			isa = PBXGroup;
			children = (
				EA85CEE3244CEAF8001E5931 /* Swaggers */,
			);
			path = Classes;
			sourceTree = "<group>";
		};
		EA85CEE3244CEAF8001E5931 /* Swaggers */ = {
			isa = PBXGroup;
			children = (
				EA85CEE4244CEAF8001E5931 /* APIHelper.swift */,
				EA85CEE5244CEAF8001E5931 /* AlamofireImplementations.swift */,
				EA85CEE6244CEAF8001E5931 /* JSONValue.swift */,
				EA85CEE7244CEAF8001E5931 /* APIs */,
				EA85CEE9244CEAF8001E5931 /* CodableHelper.swift */,
				EA85CEEA244CEAF8001E5931 /* JSONEncodableEncoding.swift */,
				EA85CEEB244CEAF8001E5931 /* APIs.swift */,
				EA85CEEC244CEAF8001E5931 /* Models */,
				EA85CF07244CEAF8001E5931 /* Extensions.swift */,
				EA85CF08244CEAF8001E5931 /* JSONEncodingHelper.swift */,
				EA85CF09244CEAF8001E5931 /* Models.swift */,
				EA85CF0A244CEAF8001E5931 /* Configuration.swift */,
			);
			path = Swaggers;
			sourceTree = "<group>";
		};
		EA85CEE7244CEAF8001E5931 /* APIs */ = {
			isa = PBXGroup;
			children = (
				EA85CEE8244CEAF8001E5931 /* ClientsAPI.swift */,
			);
			path = APIs;
			sourceTree = "<group>";
		};
		EA85CEEC244CEAF8001E5931 /* Models */ = {
			isa = PBXGroup;
			children = (
				EA85CEED244CEAF8001E5931 /* SignUpBadSyntax.swift */,
				EA85CEEE244CEAF8001E5931 /* DatabaseTicketWithoutHistory.swift */,
				EA85CEEF244CEAF8001E5931 /* LoginRequest.swift */,
				EA85CEF0244CEAF8001E5931 /* ErrorSchema.swift */,
				EA85CEF1244CEAF8001E5931 /* InlineResponse2003.swift */,
				EA85CEF2244CEAF8001E5931 /* SignUpRequest.swift */,
				EA85CEF3244CEAF8001E5931 /* InlineResponse2001.swift */,
				EA85CEF4244CEAF8001E5931 /* ResetRequest.swift */,
				EA85CEF5244CEAF8001E5931 /* InlineResponse2004TicketsByViolation.swift */,
				EA85CEF6244CEAF8001E5931 /* InlineResponse409.swift */,
				EA85CEF7244CEAF8001E5931 /* InlineResponse2004.swift */,
				EA85CEF8244CEAF8001E5931 /* InlineResponse4001.swift */,
				EA85CEF9244CEAF8001E5931 /* InlineResponse409Error.swift */,
				EA85CEFA244CEAF8001E5931 /* InlineResponse2002.swift */,
				EA85CEFB244CEAF8001E5931 /* UpdateTicketRequest.swift */,
				EA85CEFC244CEAF8001E5931 /* InlineResponse200.swift */,
				EA85CEFD244CEAF8001E5931 /* ConfirmRequest.swift */,
				EA85CEFE244CEAF8001E5931 /* DatabaseTicketWithoutHistoryImage.swift */,
				EA85CEFF244CEAF8001E5931 /* DatabaseTicket.swift */,
				EA85CF00244CEAF8001E5931 /* TicketCreateRequest.swift */,
				EA85CF01244CEAF8001E5931 /* InlineResponse400.swift */,
				EA85CF02244CEAF8001E5931 /* InlineResponse400Error.swift */,
				EA85CF03244CEAF8001E5931 /* InlineResponse2004TicketsByLocation.swift */,
				EA85CF04244CEAF8001E5931 /* ChangePasswordRequest.swift */,
				EA85CF05244CEAF8001E5931 /* TicketBase.swift */,
				EA85CF06244CEAF8001E5931 /* InlineResponse4001Error.swift */,
			);
			path = Models;
			sourceTree = "<group>";
		};
/* End PBXGroup section */

/* Begin PBXNativeTarget section */
		EA780A2F2443EFD700219C38 /* PManager */ = {
			isa = PBXNativeTarget;
			buildConfigurationList = EA780A5A2443EFD800219C38 /* Build configuration list for PBXNativeTarget "PManager" */;
			buildPhases = (
				0BEA6464DC5F51F7908C9FD6 /* [CP] Check Pods Manifest.lock */,
				EA780A2C2443EFD700219C38 /* Sources */,
				EA780A2D2443EFD700219C38 /* Frameworks */,
				EA780A2E2443EFD700219C38 /* Resources */,
			);
			buildRules = (
			);
			dependencies = (
			);
			name = PManager;
			productName = PManager;
			productReference = EA780A302443EFD700219C38 /* PManager.app */;
			productType = "com.apple.product-type.application";
		};
		EA780A452443EFD800219C38 /* PManagerTests */ = {
			isa = PBXNativeTarget;
			buildConfigurationList = EA780A5D2443EFD800219C38 /* Build configuration list for PBXNativeTarget "PManagerTests" */;
			buildPhases = (
				EA780A422443EFD800219C38 /* Sources */,
				EA780A432443EFD800219C38 /* Frameworks */,
				EA780A442443EFD800219C38 /* Resources */,
			);
			buildRules = (
			);
			dependencies = (
				EA780A482443EFD800219C38 /* PBXTargetDependency */,
			);
			name = PManagerTests;
			productName = PManagerTests;
			productReference = EA780A462443EFD800219C38 /* PManagerTests.xctest */;
			productType = "com.apple.product-type.bundle.unit-test";
		};
		EA780A502443EFD800219C38 /* PManagerUITests */ = {
			isa = PBXNativeTarget;
			buildConfigurationList = EA780A602443EFD800219C38 /* Build configuration list for PBXNativeTarget "PManagerUITests" */;
			buildPhases = (
				EA780A4D2443EFD800219C38 /* Sources */,
				EA780A4E2443EFD800219C38 /* Frameworks */,
				EA780A4F2443EFD800219C38 /* Resources */,
			);
			buildRules = (
			);
			dependencies = (
				EA780A532443EFD800219C38 /* PBXTargetDependency */,
			);
			name = PManagerUITests;
			productName = PManagerUITests;
			productReference = EA780A512443EFD800219C38 /* PManagerUITests.xctest */;
			productType = "com.apple.product-type.bundle.ui-testing";
		};
/* End PBXNativeTarget section */

/* Begin PBXProject section */
		EA780A282443EFD700219C38 /* Project object */ = {
			isa = PBXProject;
			attributes = {
				LastSwiftUpdateCheck = 1140;
				LastUpgradeCheck = 1140;
				ORGANIZATIONNAME = "Lauryn Landkrohn";
				TargetAttributes = {
					EA780A2F2443EFD700219C38 = {
						CreatedOnToolsVersion = 11.4;
					};
					EA780A452443EFD800219C38 = {
						CreatedOnToolsVersion = 11.4;
						TestTargetID = EA780A2F2443EFD700219C38;
					};
					EA780A502443EFD800219C38 = {
						CreatedOnToolsVersion = 11.4;
						TestTargetID = EA780A2F2443EFD700219C38;
					};
				};
			};
			buildConfigurationList = EA780A2B2443EFD700219C38 /* Build configuration list for PBXProject "PManager" */;
			compatibilityVersion = "Xcode 9.3";
			developmentRegion = en;
			hasScannedForEncodings = 0;
			knownRegions = (
				en,
				Base,
			);
			mainGroup = EA780A272443EFD700219C38;
			productRefGroup = EA780A312443EFD700219C38 /* Products */;
			projectDirPath = "";
			projectRoot = "";
			targets = (
				EA780A2F2443EFD700219C38 /* PManager */,
				EA780A452443EFD800219C38 /* PManagerTests */,
				EA780A502443EFD800219C38 /* PManagerUITests */,
			);
		};
/* End PBXProject section */

/* Begin PBXResourcesBuildPhase section */
		EA780A2E2443EFD700219C38 /* Resources */ = {
			isa = PBXResourcesBuildPhase;
			buildActionMask = 2147483647;
			files = (
				EA85CF0F244CEAF8001E5931 /* .gitignore in Resources */,
				EA85CF0C244CEAF8001E5931 /* Cartfile in Resources */,
				EA85CF0B244CEAF8001E5931 /* .swagger-codegen-ignore in Resources */,
				EA85CF10244CEAF8001E5931 /* VERSION in Resources */,
				EA85CF0E244CEAF8001E5931 /* git_push.sh in Resources */,
				EA780A402443EFD800219C38 /* LaunchScreen.storyboard in Resources */,
				EA85CD08244A4754001E5931 /* Assets.xcassets in Resources */,
				EA85CF0D244CEAF8001E5931 /* SwaggerClient.podspec in Resources */,
				EA780A3B2443EFD700219C38 /* Main.storyboard in Resources */,
			);
			runOnlyForDeploymentPostprocessing = 0;
		};
		EA780A442443EFD800219C38 /* Resources */ = {
			isa = PBXResourcesBuildPhase;
			buildActionMask = 2147483647;
			files = (
			);
			runOnlyForDeploymentPostprocessing = 0;
		};
		EA780A4F2443EFD800219C38 /* Resources */ = {
			isa = PBXResourcesBuildPhase;
			buildActionMask = 2147483647;
			files = (
			);
			runOnlyForDeploymentPostprocessing = 0;
		};
/* End PBXResourcesBuildPhase section */

/* Begin PBXShellScriptBuildPhase section */
		0BEA6464DC5F51F7908C9FD6 /* [CP] Check Pods Manifest.lock */ = {
			isa = PBXShellScriptBuildPhase;
			buildActionMask = 2147483647;
			files = (
			);
			inputFileListPaths = (
			);
			inputPaths = (
				"${PODS_PODFILE_DIR_PATH}/Podfile.lock",
				"${PODS_ROOT}/Manifest.lock",
			);
			name = "[CP] Check Pods Manifest.lock";
			outputFileListPaths = (
			);
			outputPaths = (
				"$(DERIVED_FILE_DIR)/Pods-PManager-checkManifestLockResult.txt",
			);
			runOnlyForDeploymentPostprocessing = 0;
			shellPath = /bin/sh;
			shellScript = "diff \"${PODS_PODFILE_DIR_PATH}/Podfile.lock\" \"${PODS_ROOT}/Manifest.lock\" > /dev/null\nif [ $? != 0 ] ; then\n    # print error to STDERR\n    echo \"error: The sandbox is not in sync with the Podfile.lock. Run 'pod install' or update your CocoaPods installation.\" >&2\n    exit 1\nfi\n# This output is used by Xcode 'outputs' to avoid re-running this script phase.\necho \"SUCCESS\" > \"${SCRIPT_OUTPUT_FILE_0}\"\n";
			showEnvVarsInLog = 0;
		};
/* End PBXShellScriptBuildPhase section */

/* Begin PBXSourcesBuildPhase section */
		EA780A2C2443EFD700219C38 /* Sources */ = {
			isa = PBXSourcesBuildPhase;
			buildActionMask = 2147483647;
			files = (
				EA85CF25244CEAF8001E5931 /* InlineResponse2002.swift in Sources */,
				EA85CF20244CEAF8001E5931 /* InlineResponse2004TicketsByViolation.swift in Sources */,
				EA85CF1B244CEAF8001E5931 /* ErrorSchema.swift in Sources */,
				EA85CF37244D4FFB001E5931 /* clickCellViewController.swift in Sources */,
				EA85CF11244CEAF8001E5931 /* APIHelper.swift in Sources */,
				EA85CF1D244CEAF8001E5931 /* SignUpRequest.swift in Sources */,
				EA85CD84244BFBCE001E5931 /* ViolationCell.swift in Sources */,
				EA85CF33244CEAF8001E5931 /* JSONEncodingHelper.swift in Sources */,
				EA85CF28244CEAF8001E5931 /* ConfirmRequest.swift in Sources */,
				EA85CF1E244CEAF8001E5931 /* InlineResponse2001.swift in Sources */,
				EA780A382443EFD700219C38 /* ViewController.swift in Sources */,
				EA85CD0E244B8340001E5931 /* ViolationsViewController.swift in Sources */,
				EA85CF34244CEAF8001E5931 /* Models.swift in Sources */,
				EA85CF18244CEAF8001E5931 /* SignUpBadSyntax.swift in Sources */,
				EA85CF13244CEAF8001E5931 /* JSONValue.swift in Sources */,
				EA85CF21244CEAF8001E5931 /* InlineResponse409.swift in Sources */,
				EA85CF32244CEAF8001E5931 /* Extensions.swift in Sources */,
				EA85CF2E244CEAF8001E5931 /* InlineResponse2004TicketsByLocation.swift in Sources */,
				EA85CF27244CEAF8001E5931 /* InlineResponse200.swift in Sources */,
				EA85CF19244CEAF8001E5931 /* DatabaseTicketWithoutHistory.swift in Sources */,
				EA85CF12244CEAF8001E5931 /* AlamofireImplementations.swift in Sources */,
				EA85CF2C244CEAF8001E5931 /* InlineResponse400.swift in Sources */,
				EA85CF35244CEAF8001E5931 /* Configuration.swift in Sources */,
				EA85CF2D244CEAF8001E5931 /* InlineResponse400Error.swift in Sources */,
				EA85CF15244CEAF8001E5931 /* CodableHelper.swift in Sources */,
				EA85CF1A244CEAF8001E5931 /* LoginRequest.swift in Sources */,
				EA85CF2F244CEAF8001E5931 /* ChangePasswordRequest.swift in Sources */,
				EA85CF29244CEAF8001E5931 /* DatabaseTicketWithoutHistoryImage.swift in Sources */,
				EA85CF22244CEAF8001E5931 /* InlineResponse2004.swift in Sources */,
				EA85CF1F244CEAF8001E5931 /* ResetRequest.swift in Sources */,
				EA85CD10244B834E001E5931 /* AddViolationViewController.swift in Sources */,
				EA780A342443EFD700219C38 /* AppDelegate.swift in Sources */,
				EA85CF23244CEAF8001E5931 /* InlineResponse4001.swift in Sources */,
				EA85CD0C244B72CA001E5931 /* UITabBarController.swift in Sources */,
				EA85CF26244CEAF8001E5931 /* UpdateTicketRequest.swift in Sources */,
				EA85CF1C244CEAF8001E5931 /* InlineResponse2003.swift in Sources */,
				EA85CD12244B8358001E5931 /* AccountViewController.swift in Sources */,
				EA85CF2A244CEAF8001E5931 /* DatabaseTicket.swift in Sources */,
				EA85CD82244BDD40001E5931 /* ImagePickerManager.swift in Sources */,
				EA85CF30244CEAF8001E5931 /* TicketBase.swift in Sources */,
				EA85CF24244CEAF8001E5931 /* InlineResponse409Error.swift in Sources */,
				EA85CF16244CEAF8001E5931 /* JSONEncodableEncoding.swift in Sources */,
				EA85CF2B244CEAF8001E5931 /* TicketCreateRequest.swift in Sources */,
				EA85CF31244CEAF8001E5931 /* InlineResponse4001Error.swift in Sources */,
				EA85CF17244CEAF8001E5931 /* APIs.swift in Sources */,
				EA85CF14244CEAF8001E5931 /* ClientsAPI.swift in Sources */,
			);
			runOnlyForDeploymentPostprocessing = 0;
		};
		EA780A422443EFD800219C38 /* Sources */ = {
			isa = PBXSourcesBuildPhase;
			buildActionMask = 2147483647;
			files = (
				EA780A4B2443EFD800219C38 /* PManagerTests.swift in Sources */,
			);
			runOnlyForDeploymentPostprocessing = 0;
		};
		EA780A4D2443EFD800219C38 /* Sources */ = {
			isa = PBXSourcesBuildPhase;
			buildActionMask = 2147483647;
			files = (
				EA780A562443EFD800219C38 /* PManagerUITests.swift in Sources */,
			);
			runOnlyForDeploymentPostprocessing = 0;
		};
/* End PBXSourcesBuildPhase section */

/* Begin PBXTargetDependency section */
		EA780A482443EFD800219C38 /* PBXTargetDependency */ = {
			isa = PBXTargetDependency;
			target = EA780A2F2443EFD700219C38 /* PManager */;
			targetProxy = EA780A472443EFD800219C38 /* PBXContainerItemProxy */;
		};
		EA780A532443EFD800219C38 /* PBXTargetDependency */ = {
			isa = PBXTargetDependency;
			target = EA780A2F2443EFD700219C38 /* PManager */;
			targetProxy = EA780A522443EFD800219C38 /* PBXContainerItemProxy */;
		};
/* End PBXTargetDependency section */

/* Begin PBXVariantGroup section */
		EA780A392443EFD700219C38 /* Main.storyboard */ = {
			isa = PBXVariantGroup;
			children = (
				EA780A3A2443EFD700219C38 /* Base */,
			);
			name = Main.storyboard;
			sourceTree = "<group>";
		};
		EA780A3E2443EFD800219C38 /* LaunchScreen.storyboard */ = {
			isa = PBXVariantGroup;
			children = (
				EA780A3F2443EFD800219C38 /* Base */,
			);
			name = LaunchScreen.storyboard;
			sourceTree = "<group>";
		};
/* End PBXVariantGroup section */

/* Begin XCBuildConfiguration section */
		EA780A582443EFD800219C38 /* Debug */ = {
			isa = XCBuildConfiguration;
			buildSettings = {
				ALWAYS_SEARCH_USER_PATHS = NO;
				CLANG_ANALYZER_NONNULL = YES;
				CLANG_ANALYZER_NUMBER_OBJECT_CONVERSION = YES_AGGRESSIVE;
				CLANG_CXX_LANGUAGE_STANDARD = "gnu++14";
				CLANG_CXX_LIBRARY = "libc++";
				CLANG_ENABLE_MODULES = YES;
				CLANG_ENABLE_OBJC_ARC = YES;
				CLANG_ENABLE_OBJC_WEAK = YES;
				CLANG_WARN_BLOCK_CAPTURE_AUTORELEASING = YES;
				CLANG_WARN_BOOL_CONVERSION = YES;
				CLANG_WARN_COMMA = YES;
				CLANG_WARN_CONSTANT_CONVERSION = YES;
				CLANG_WARN_DEPRECATED_OBJC_IMPLEMENTATIONS = YES;
				CLANG_WARN_DIRECT_OBJC_ISA_USAGE = YES_ERROR;
				CLANG_WARN_DOCUMENTATION_COMMENTS = YES;
				CLANG_WARN_EMPTY_BODY = YES;
				CLANG_WARN_ENUM_CONVERSION = YES;
				CLANG_WARN_INFINITE_RECURSION = YES;
				CLANG_WARN_INT_CONVERSION = YES;
				CLANG_WARN_NON_LITERAL_NULL_CONVERSION = YES;
				CLANG_WARN_OBJC_IMPLICIT_RETAIN_SELF = YES;
				CLANG_WARN_OBJC_LITERAL_CONVERSION = YES;
				CLANG_WARN_OBJC_ROOT_CLASS = YES_ERROR;
				CLANG_WARN_RANGE_LOOP_ANALYSIS = YES;
				CLANG_WARN_STRICT_PROTOTYPES = YES;
				CLANG_WARN_SUSPICIOUS_MOVE = YES;
				CLANG_WARN_UNGUARDED_AVAILABILITY = YES_AGGRESSIVE;
				CLANG_WARN_UNREACHABLE_CODE = YES;
				CLANG_WARN__DUPLICATE_METHOD_MATCH = YES;
				COPY_PHASE_STRIP = NO;
				DEBUG_INFORMATION_FORMAT = dwarf;
				ENABLE_STRICT_OBJC_MSGSEND = YES;
				ENABLE_TESTABILITY = YES;
				GCC_C_LANGUAGE_STANDARD = gnu11;
				GCC_DYNAMIC_NO_PIC = NO;
				GCC_NO_COMMON_BLOCKS = YES;
				GCC_OPTIMIZATION_LEVEL = 0;
				GCC_PREPROCESSOR_DEFINITIONS = (
					"DEBUG=1",
					"$(inherited)",
				);
				GCC_WARN_64_TO_32_BIT_CONVERSION = YES;
				GCC_WARN_ABOUT_RETURN_TYPE = YES_ERROR;
				GCC_WARN_UNDECLARED_SELECTOR = YES;
				GCC_WARN_UNINITIALIZED_AUTOS = YES_AGGRESSIVE;
				GCC_WARN_UNUSED_FUNCTION = YES;
				GCC_WARN_UNUSED_VARIABLE = YES;
				IPHONEOS_DEPLOYMENT_TARGET = 13.4;
				MTL_ENABLE_DEBUG_INFO = INCLUDE_SOURCE;
				MTL_FAST_MATH = YES;
				ONLY_ACTIVE_ARCH = YES;
				SDKROOT = iphoneos;
				SWIFT_ACTIVE_COMPILATION_CONDITIONS = DEBUG;
				SWIFT_OPTIMIZATION_LEVEL = "-Onone";
			};
			name = Debug;
		};
		EA780A592443EFD800219C38 /* Release */ = {
			isa = XCBuildConfiguration;
			buildSettings = {
				ALWAYS_SEARCH_USER_PATHS = NO;
				CLANG_ANALYZER_NONNULL = YES;
				CLANG_ANALYZER_NUMBER_OBJECT_CONVERSION = YES_AGGRESSIVE;
				CLANG_CXX_LANGUAGE_STANDARD = "gnu++14";
				CLANG_CXX_LIBRARY = "libc++";
				CLANG_ENABLE_MODULES = YES;
				CLANG_ENABLE_OBJC_ARC = YES;
				CLANG_ENABLE_OBJC_WEAK = YES;
				CLANG_WARN_BLOCK_CAPTURE_AUTORELEASING = YES;
				CLANG_WARN_BOOL_CONVERSION = YES;
				CLANG_WARN_COMMA = YES;
				CLANG_WARN_CONSTANT_CONVERSION = YES;
				CLANG_WARN_DEPRECATED_OBJC_IMPLEMENTATIONS = YES;
				CLANG_WARN_DIRECT_OBJC_ISA_USAGE = YES_ERROR;
				CLANG_WARN_DOCUMENTATION_COMMENTS = YES;
				CLANG_WARN_EMPTY_BODY = YES;
				CLANG_WARN_ENUM_CONVERSION = YES;
				CLANG_WARN_INFINITE_RECURSION = YES;
				CLANG_WARN_INT_CONVERSION = YES;
				CLANG_WARN_NON_LITERAL_NULL_CONVERSION = YES;
				CLANG_WARN_OBJC_IMPLICIT_RETAIN_SELF = YES;
				CLANG_WARN_OBJC_LITERAL_CONVERSION = YES;
				CLANG_WARN_OBJC_ROOT_CLASS = YES_ERROR;
				CLANG_WARN_RANGE_LOOP_ANALYSIS = YES;
				CLANG_WARN_STRICT_PROTOTYPES = YES;
				CLANG_WARN_SUSPICIOUS_MOVE = YES;
				CLANG_WARN_UNGUARDED_AVAILABILITY = YES_AGGRESSIVE;
				CLANG_WARN_UNREACHABLE_CODE = YES;
				CLANG_WARN__DUPLICATE_METHOD_MATCH = YES;
				COPY_PHASE_STRIP = NO;
				DEBUG_INFORMATION_FORMAT = "dwarf-with-dsym";
				ENABLE_NS_ASSERTIONS = NO;
				ENABLE_STRICT_OBJC_MSGSEND = YES;
				GCC_C_LANGUAGE_STANDARD = gnu11;
				GCC_NO_COMMON_BLOCKS = YES;
				GCC_WARN_64_TO_32_BIT_CONVERSION = YES;
				GCC_WARN_ABOUT_RETURN_TYPE = YES_ERROR;
				GCC_WARN_UNDECLARED_SELECTOR = YES;
				GCC_WARN_UNINITIALIZED_AUTOS = YES_AGGRESSIVE;
				GCC_WARN_UNUSED_FUNCTION = YES;
				GCC_WARN_UNUSED_VARIABLE = YES;
				IPHONEOS_DEPLOYMENT_TARGET = 13.4;
				MTL_ENABLE_DEBUG_INFO = NO;
				MTL_FAST_MATH = YES;
				SDKROOT = iphoneos;
				SWIFT_COMPILATION_MODE = wholemodule;
				SWIFT_OPTIMIZATION_LEVEL = "-O";
				VALIDATE_PRODUCT = YES;
			};
			name = Release;
		};
		EA780A5B2443EFD800219C38 /* Debug */ = {
			isa = XCBuildConfiguration;
			baseConfigurationReference = EC2990AFD47F6D876247AD4C /* Pods-PManager.debug.xcconfig */;
			buildSettings = {
				ASSETCATALOG_COMPILER_APPICON_NAME = AppIcon;
				CODE_SIGN_STYLE = Automatic;
				DEVELOPMENT_TEAM = P873U83CC5;
				INFOPLIST_FILE = PManager/Info.plist;
				LD_RUNPATH_SEARCH_PATHS = (
					"$(inherited)",
					"@executable_path/Frameworks",
				);
				PRODUCT_BUNDLE_IDENTIFIER = UCF.PManager;
				PRODUCT_NAME = "$(TARGET_NAME)";
				SWIFT_VERSION = 5.0;
				TARGETED_DEVICE_FAMILY = "1,2";
			};
			name = Debug;
		};
		EA780A5C2443EFD800219C38 /* Release */ = {
			isa = XCBuildConfiguration;
			baseConfigurationReference = 4EE22FE68DF6C95F38799F8C /* Pods-PManager.release.xcconfig */;
			buildSettings = {
				ASSETCATALOG_COMPILER_APPICON_NAME = AppIcon;
				CODE_SIGN_STYLE = Automatic;
				DEVELOPMENT_TEAM = P873U83CC5;
				INFOPLIST_FILE = PManager/Info.plist;
				LD_RUNPATH_SEARCH_PATHS = (
					"$(inherited)",
					"@executable_path/Frameworks",
				);
				PRODUCT_BUNDLE_IDENTIFIER = UCF.PManager;
				PRODUCT_NAME = "$(TARGET_NAME)";
				SWIFT_VERSION = 5.0;
				TARGETED_DEVICE_FAMILY = "1,2";
			};
			name = Release;
		};
		EA780A5E2443EFD800219C38 /* Debug */ = {
			isa = XCBuildConfiguration;
			buildSettings = {
				ALWAYS_EMBED_SWIFT_STANDARD_LIBRARIES = YES;
				BUNDLE_LOADER = "$(TEST_HOST)";
				CODE_SIGN_STYLE = Automatic;
				DEVELOPMENT_TEAM = P873U83CC5;
				INFOPLIST_FILE = PManagerTests/Info.plist;
				IPHONEOS_DEPLOYMENT_TARGET = 13.4;
				LD_RUNPATH_SEARCH_PATHS = (
					"$(inherited)",
					"@executable_path/Frameworks",
					"@loader_path/Frameworks",
				);
				PRODUCT_BUNDLE_IDENTIFIER = UCF.PManagerTests;
				PRODUCT_NAME = "$(TARGET_NAME)";
				SWIFT_VERSION = 5.0;
				TARGETED_DEVICE_FAMILY = "1,2";
				TEST_HOST = "$(BUILT_PRODUCTS_DIR)/PManager.app/PManager";
			};
			name = Debug;
		};
		EA780A5F2443EFD800219C38 /* Release */ = {
			isa = XCBuildConfiguration;
			buildSettings = {
				ALWAYS_EMBED_SWIFT_STANDARD_LIBRARIES = YES;
				BUNDLE_LOADER = "$(TEST_HOST)";
				CODE_SIGN_STYLE = Automatic;
				DEVELOPMENT_TEAM = P873U83CC5;
				INFOPLIST_FILE = PManagerTests/Info.plist;
				IPHONEOS_DEPLOYMENT_TARGET = 13.4;
				LD_RUNPATH_SEARCH_PATHS = (
					"$(inherited)",
					"@executable_path/Frameworks",
					"@loader_path/Frameworks",
				);
				PRODUCT_BUNDLE_IDENTIFIER = UCF.PManagerTests;
				PRODUCT_NAME = "$(TARGET_NAME)";
				SWIFT_VERSION = 5.0;
				TARGETED_DEVICE_FAMILY = "1,2";
				TEST_HOST = "$(BUILT_PRODUCTS_DIR)/PManager.app/PManager";
			};
			name = Release;
		};
		EA780A612443EFD800219C38 /* Debug */ = {
			isa = XCBuildConfiguration;
			buildSettings = {
				ALWAYS_EMBED_SWIFT_STANDARD_LIBRARIES = YES;
				CODE_SIGN_STYLE = Automatic;
				DEVELOPMENT_TEAM = P873U83CC5;
				INFOPLIST_FILE = PManagerUITests/Info.plist;
				LD_RUNPATH_SEARCH_PATHS = (
					"$(inherited)",
					"@executable_path/Frameworks",
					"@loader_path/Frameworks",
				);
				PRODUCT_BUNDLE_IDENTIFIER = UCF.PManagerUITests;
				PRODUCT_NAME = "$(TARGET_NAME)";
				SWIFT_VERSION = 5.0;
				TARGETED_DEVICE_FAMILY = "1,2";
				TEST_TARGET_NAME = PManager;
			};
			name = Debug;
		};
		EA780A622443EFD800219C38 /* Release */ = {
			isa = XCBuildConfiguration;
			buildSettings = {
				ALWAYS_EMBED_SWIFT_STANDARD_LIBRARIES = YES;
				CODE_SIGN_STYLE = Automatic;
				DEVELOPMENT_TEAM = P873U83CC5;
				INFOPLIST_FILE = PManagerUITests/Info.plist;
				LD_RUNPATH_SEARCH_PATHS = (
					"$(inherited)",
					"@executable_path/Frameworks",
					"@loader_path/Frameworks",
				);
				PRODUCT_BUNDLE_IDENTIFIER = UCF.PManagerUITests;
				PRODUCT_NAME = "$(TARGET_NAME)";
				SWIFT_VERSION = 5.0;
				TARGETED_DEVICE_FAMILY = "1,2";
				TEST_TARGET_NAME = PManager;
			};
			name = Release;
		};
/* End XCBuildConfiguration section */

/* Begin XCConfigurationList section */
		EA780A2B2443EFD700219C38 /* Build configuration list for PBXProject "PManager" */ = {
			isa = XCConfigurationList;
			buildConfigurations = (
				EA780A582443EFD800219C38 /* Debug */,
				EA780A592443EFD800219C38 /* Release */,
			);
			defaultConfigurationIsVisible = 0;
			defaultConfigurationName = Release;
		};
		EA780A5A2443EFD800219C38 /* Build configuration list for PBXNativeTarget "PManager" */ = {
			isa = XCConfigurationList;
			buildConfigurations = (
				EA780A5B2443EFD800219C38 /* Debug */,
				EA780A5C2443EFD800219C38 /* Release */,
			);
			defaultConfigurationIsVisible = 0;
			defaultConfigurationName = Release;
		};
		EA780A5D2443EFD800219C38 /* Build configuration list for PBXNativeTarget "PManagerTests" */ = {
			isa = XCConfigurationList;
			buildConfigurations = (
				EA780A5E2443EFD800219C38 /* Debug */,
				EA780A5F2443EFD800219C38 /* Release */,
			);
			defaultConfigurationIsVisible = 0;
			defaultConfigurationName = Release;
		};
		EA780A602443EFD800219C38 /* Build configuration list for PBXNativeTarget "PManagerUITests" */ = {
			isa = XCConfigurationList;
			buildConfigurations = (
				EA780A612443EFD800219C38 /* Debug */,
				EA780A622443EFD800219C38 /* Release */,
			);
			defaultConfigurationIsVisible = 0;
			defaultConfigurationName = Release;
		};
/* End XCConfigurationList section */
	};
	rootObject = EA780A282443EFD700219C38 /* Project object */;
}
